// !$*UTF8*$!
{
	archiveVersion = 1;
	classes = {
	};
	objectVersion = 45;
	objects = {

/* Begin PBXBuildFile section */
		6963AF1D0FB75F7800B2287A /* CNOscMessageDispatcher.h in Headers */ = {isa = PBXBuildFile; fileRef = 6963AF170FB75F7800B2287A /* CNOscMessageDispatcher.h */; };
		6963AF1E0FB75F7800B2287A /* CNOscMessageDispatcher.m in Sources */ = {isa = PBXBuildFile; fileRef = 6963AF180FB75F7800B2287A /* CNOscMessageDispatcher.m */; };
		6963AF1F0FB75F7800B2287A /* CNTuioCursor.h in Headers */ = {isa = PBXBuildFile; fileRef = 6963AF190FB75F7800B2287A /* CNTuioCursor.h */; };
		6963AF200FB75F7800B2287A /* CNTuioCursor.m in Sources */ = {isa = PBXBuildFile; fileRef = 6963AF1A0FB75F7800B2287A /* CNTuioCursor.m */; };
		6963AF210FB75F7800B2287A /* CNTuioDispatcher.h in Headers */ = {isa = PBXBuildFile; fileRef = 6963AF1B0FB75F7800B2287A /* CNTuioDispatcher.h */; };
		6963AF220FB75F7800B2287A /* CNTuioDispatcher.m in Sources */ = {isa = PBXBuildFile; fileRef = 6963AF1C0FB75F7800B2287A /* CNTuioDispatcher.m */; };
		6963AF3A0FB75F9D00B2287A /* CN1FingerRotate.h in Headers */ = {isa = PBXBuildFile; fileRef = 6963AF240FB75F9D00B2287A /* CN1FingerRotate.h */; settings = {ATTRIBUTES = (Public, ); }; };
		6963AF3B0FB75F9D00B2287A /* CN1FingerRotate.m in Sources */ = {isa = PBXBuildFile; fileRef = 6963AF250FB75F9D00B2287A /* CN1FingerRotate.m */; };
		6963AF3C0FB75F9D00B2287A /* CN2FingerRotate.h in Headers */ = {isa = PBXBuildFile; fileRef = 6963AF260FB75F9D00B2287A /* CN2FingerRotate.h */; settings = {ATTRIBUTES = (Public, ); }; };
		6963AF3D0FB75F9D00B2287A /* CN2FingerRotate.m in Sources */ = {isa = PBXBuildFile; fileRef = 6963AF270FB75F9D00B2287A /* CN2FingerRotate.m */; };
		6963AF3E0FB75F9D00B2287A /* CN2FingerScale.h in Headers */ = {isa = PBXBuildFile; fileRef = 6963AF280FB75F9D00B2287A /* CN2FingerScale.h */; settings = {ATTRIBUTES = (Public, ); }; };
		6963AF3F0FB75F9D00B2287A /* CN2FingerScale.m in Sources */ = {isa = PBXBuildFile; fileRef = 6963AF290FB75F9D00B2287A /* CN2FingerScale.m */; };
		6963AF400FB75F9D00B2287A /* CNGesture.h in Headers */ = {isa = PBXBuildFile; fileRef = 6963AF2A0FB75F9D00B2287A /* CNGesture.h */; settings = {ATTRIBUTES = (Public, ); }; };
		6963AF410FB75F9D00B2287A /* CNGesture.m in Sources */ = {isa = PBXBuildFile; fileRef = 6963AF2B0FB75F9D00B2287A /* CNGesture.m */; };
		6963AF420FB75F9D00B2287A /* CNGestureFactory.h in Headers */ = {isa = PBXBuildFile; fileRef = 6963AF2C0FB75F9D00B2287A /* CNGestureFactory.h */; settings = {ATTRIBUTES = (Public, ); }; };
		6963AF430FB75F9D00B2287A /* CNGestureFactory.m in Sources */ = {isa = PBXBuildFile; fileRef = 6963AF2D0FB75F9D00B2287A /* CNGestureFactory.m */; };
		6963AF440FB75F9D00B2287A /* CNHold.h in Headers */ = {isa = PBXBuildFile; fileRef = 6963AF2E0FB75F9D00B2287A /* CNHold.h */; settings = {ATTRIBUTES = (Public, ); }; };
		6963AF450FB75F9D00B2287A /* CNHold.m in Sources */ = {isa = PBXBuildFile; fileRef = 6963AF2F0FB75F9D00B2287A /* CNHold.m */; };
		6963AF460FB75F9D00B2287A /* CNMove.h in Headers */ = {isa = PBXBuildFile; fileRef = 6963AF300FB75F9D00B2287A /* CNMove.h */; settings = {ATTRIBUTES = (Public, ); }; };
		6963AF470FB75F9D00B2287A /* CNMove.m in Sources */ = {isa = PBXBuildFile; fileRef = 6963AF310FB75F9D00B2287A /* CNMove.m */; };
		6963AF480FB75F9D00B2287A /* CNPress.h in Headers */ = {isa = PBXBuildFile; fileRef = 6963AF320FB75F9D00B2287A /* CNPress.h */; settings = {ATTRIBUTES = (Public, ); }; };
		6963AF490FB75F9D00B2287A /* CNPress.m in Sources */ = {isa = PBXBuildFile; fileRef = 6963AF330FB75F9D00B2287A /* CNPress.m */; };
		6963AF4A0FB75F9D00B2287A /* CNRelease.h in Headers */ = {isa = PBXBuildFile; fileRef = 6963AF340FB75F9D00B2287A /* CNRelease.h */; settings = {ATTRIBUTES = (Public, ); }; };
		6963AF4B0FB75F9D00B2287A /* CNRelease.m in Sources */ = {isa = PBXBuildFile; fileRef = 6963AF350FB75F9D00B2287A /* CNRelease.m */; };
		6963AF4C0FB75F9D00B2287A /* CNTap.h in Headers */ = {isa = PBXBuildFile; fileRef = 6963AF360FB75F9D00B2287A /* CNTap.h */; settings = {ATTRIBUTES = (Public, ); }; };
		6963AF4D0FB75F9D00B2287A /* CNTap.m in Sources */ = {isa = PBXBuildFile; fileRef = 6963AF370FB75F9D00B2287A /* CNTap.m */; };
		6963AF4E0FB75F9D00B2287A /* CNUpdate.h in Headers */ = {isa = PBXBuildFile; fileRef = 6963AF380FB75F9D00B2287A /* CNUpdate.h */; settings = {ATTRIBUTES = (Public, ); }; };
		6963AF4F0FB75F9D00B2287A /* CNUpdate.m in Sources */ = {isa = PBXBuildFile; fileRef = 6963AF390FB75F9D00B2287A /* CNUpdate.m */; };
		6963AF5B0FB75FB400B2287A /* CNEvent.h in Headers */ = {isa = PBXBuildFile; fileRef = 6963AF510FB75FB400B2287A /* CNEvent.h */; };
		6963AF5C0FB75FB400B2287A /* CNEvent.m in Sources */ = {isa = PBXBuildFile; fileRef = 6963AF520FB75FB400B2287A /* CNEvent.m */; };
		6963AF5D0FB75FB400B2287A /* CNEventDispatcher.h in Headers */ = {isa = PBXBuildFile; fileRef = 6963AF530FB75FB400B2287A /* CNEventDispatcher.h */; settings = {ATTRIBUTES = (Public, ); }; };
		6963AF5E0FB75FB400B2287A /* CNEventDispatcher.m in Sources */ = {isa = PBXBuildFile; fileRef = 6963AF540FB75FB400B2287A /* CNEventDispatcher.m */; };
		6963AF5F0FB75FB400B2287A /* CNPathElement.h in Headers */ = {isa = PBXBuildFile; fileRef = 6963AF550FB75FB400B2287A /* CNPathElement.h */; settings = {ATTRIBUTES = (Public, ); }; };
		6963AF600FB75FB400B2287A /* CNPathElement.m in Sources */ = {isa = PBXBuildFile; fileRef = 6963AF560FB75FB400B2287A /* CNPathElement.m */; };
		6963AF610FB75FB400B2287A /* CNStroke.h in Headers */ = {isa = PBXBuildFile; fileRef = 6963AF570FB75FB400B2287A /* CNStroke.h */; settings = {ATTRIBUTES = (Public, ); }; };
		6963AF620FB75FB400B2287A /* CNStroke.m in Sources */ = {isa = PBXBuildFile; fileRef = 6963AF580FB75FB400B2287A /* CNStroke.m */; };
		6963AF630FB75FB400B2287A /* CNTouch.h in Headers */ = {isa = PBXBuildFile; fileRef = 6963AF590FB75FB400B2287A /* CNTouch.h */; settings = {ATTRIBUTES = (Public, ); }; };
		6963AF640FB75FB400B2287A /* CNTouch.m in Sources */ = {isa = PBXBuildFile; fileRef = 6963AF5A0FB75FB400B2287A /* CNTouch.m */; };
		6963AF6A0FB75FDA00B2287A /* CN2dVect.h in Headers */ = {isa = PBXBuildFile; fileRef = 6963AF660FB75FDA00B2287A /* CN2dVect.h */; settings = {ATTRIBUTES = (Public, ); }; };
		6963AF6B0FB75FDA00B2287A /* CN2dVect.m in Sources */ = {isa = PBXBuildFile; fileRef = 6963AF670FB75FDA00B2287A /* CN2dVect.m */; };
		6963AF6C0FB75FDA00B2287A /* CNMath.h in Headers */ = {isa = PBXBuildFile; fileRef = 6963AF680FB75FDA00B2287A /* CNMath.h */; settings = {ATTRIBUTES = (Public, ); }; };
		6963AF6D0FB75FDA00B2287A /* CNObserverProtocol.h in Headers */ = {isa = PBXBuildFile; fileRef = 6963AF690FB75FDA00B2287A /* CNObserverProtocol.h */; settings = {ATTRIBUTES = (Public, ); }; };
		6963AFB70FB7603900B2287A /* BBAppController.h in Headers */ = {isa = PBXBuildFile; fileRef = 6963AFA00FB7603900B2287A /* BBAppController.h */; };
		6963AFB80FB7603900B2287A /* BBAppController.m in Sources */ = {isa = PBXBuildFile; fileRef = 6963AFA10FB7603900B2287A /* BBAppController.m */; };
		6963AFBA0FB7603900B2287A /* BBOSCAddress.h in Headers */ = {isa = PBXBuildFile; fileRef = 6963AFA30FB7603900B2287A /* BBOSCAddress.h */; };
		6963AFBB0FB7603900B2287A /* BBOSCAddress.m in Sources */ = {isa = PBXBuildFile; fileRef = 6963AFA40FB7603900B2287A /* BBOSCAddress.m */; };
		6963AFBC0FB7603900B2287A /* BBOSCArgument.h in Headers */ = {isa = PBXBuildFile; fileRef = 6963AFA50FB7603900B2287A /* BBOSCArgument.h */; };
		6963AFBD0FB7603900B2287A /* BBOSCArgument.m in Sources */ = {isa = PBXBuildFile; fileRef = 6963AFA60FB7603900B2287A /* BBOSCArgument.m */; };
		6963AFBE0FB7603900B2287A /* BBOSCBundle.h in Headers */ = {isa = PBXBuildFile; fileRef = 6963AFA70FB7603900B2287A /* BBOSCBundle.h */; };
		6963AFBF0FB7603900B2287A /* BBOSCBundle.m in Sources */ = {isa = PBXBuildFile; fileRef = 6963AFA80FB7603900B2287A /* BBOSCBundle.m */; };
		6963AFC00FB7603900B2287A /* BBOSCDataUtilities.h in Headers */ = {isa = PBXBuildFile; fileRef = 6963AFA90FB7603900B2287A /* BBOSCDataUtilities.h */; };
		6963AFC10FB7603900B2287A /* BBOSCDataUtilities.m in Sources */ = {isa = PBXBuildFile; fileRef = 6963AFAA0FB7603900B2287A /* BBOSCDataUtilities.m */; };
		6963AFC20FB7603900B2287A /* BBOSCDecoder.h in Headers */ = {isa = PBXBuildFile; fileRef = 6963AFAB0FB7603900B2287A /* BBOSCDecoder.h */; };
		6963AFC30FB7603900B2287A /* BBOSCDecoder.m in Sources */ = {isa = PBXBuildFile; fileRef = 6963AFAC0FB7603900B2287A /* BBOSCDecoder.m */; };
		6963AFC40FB7603900B2287A /* BBOSCDispatcher.h in Headers */ = {isa = PBXBuildFile; fileRef = 6963AFAD0FB7603900B2287A /* BBOSCDispatcher.h */; };
		6963AFC50FB7603900B2287A /* BBOSCDispatcher.m in Sources */ = {isa = PBXBuildFile; fileRef = 6963AFAE0FB7603900B2287A /* BBOSCDispatcher.m */; };
		6963AFC60FB7603900B2287A /* BBOSCListener.h in Headers */ = {isa = PBXBuildFile; fileRef = 6963AFAF0FB7603900B2287A /* BBOSCListener.h */; };
		6963AFC70FB7603900B2287A /* BBOSCListener.m in Sources */ = {isa = PBXBuildFile; fileRef = 6963AFB00FB7603900B2287A /* BBOSCListener.m */; };
		6963AFC80FB7603900B2287A /* BBOSCMessage.h in Headers */ = {isa = PBXBuildFile; fileRef = 6963AFB10FB7603900B2287A /* BBOSCMessage.h */; };
		6963AFC90FB7603900B2287A /* BBOSCMessage.m in Sources */ = {isa = PBXBuildFile; fileRef = 6963AFB20FB7603900B2287A /* BBOSCMessage.m */; };
		6963AFCA0FB7603900B2287A /* BBOSCPacket.h in Headers */ = {isa = PBXBuildFile; fileRef = 6963AFB30FB7603900B2287A /* BBOSCPacket.h */; };
		6963AFCB0FB7603900B2287A /* BBOSCPacket.m in Sources */ = {isa = PBXBuildFile; fileRef = 6963AFB40FB7603900B2287A /* BBOSCPacket.m */; };
		6963AFCC0FB7603900B2287A /* BBOSCSender.h in Headers */ = {isa = PBXBuildFile; fileRef = 6963AFB50FB7603900B2287A /* BBOSCSender.h */; };
		6963AFCD0FB7603900B2287A /* BBOSCSender.m in Sources */ = {isa = PBXBuildFile; fileRef = 6963AFB60FB7603900B2287A /* BBOSCSender.m */; };
		6963AFD90FB760C100B2287A /* CNLayer.m in Sources */ = {isa = PBXBuildFile; fileRef = 6963AFD50FB760C100B2287A /* CNLayer.m */; };
		6963AFDA0FB760C100B2287A /* CNLayerModifier.h in Headers */ = {isa = PBXBuildFile; fileRef = 6963AFD60FB760C100B2287A /* CNLayerModifier.h */; settings = {ATTRIBUTES = (Public, ); }; };
		6963AFDB0FB760C100B2287A /* CNLayerModifier.m in Sources */ = {isa = PBXBuildFile; fileRef = 6963AFD70FB760C100B2287A /* CNLayerModifier.m */; };
		6963AFE50FB7617700B2287A /* QTKit.framework in Frameworks */ = {isa = PBXBuildFile; fileRef = 6963AFE40FB7617700B2287A /* QTKit.framework */; };
		6963AFE70FB7618600B2287A /* Quartz.framework in Frameworks */ = {isa = PBXBuildFile; fileRef = 6963AFE60FB7618600B2287A /* Quartz.framework */; };
		6963B1010FB76FC400B2287A /* CNLayer.h in Headers */ = {isa = PBXBuildFile; fileRef = 6963AFD40FB760C100B2287A /* CNLayer.h */; settings = {ATTRIBUTES = (Public, ); }; };
		8DC2EF530486A6940098B216 /* InfoPlist.strings in Resources */ = {isa = PBXBuildFile; fileRef = 089C1666FE841158C02AAC07 /* InfoPlist.strings */; };
		8DC2EF570486A6940098B216 /* Cocoa.framework in Frameworks */ = {isa = PBXBuildFile; fileRef = 1058C7B1FEA5585E11CA2CBB /* Cocoa.framework */; };
		B375BDE60FB76E1300179F5D /* BBOSC.framework in Frameworks */ = {isa = PBXBuildFile; fileRef = B375BDE50FB76E1300179F5D /* BBOSC.framework */; };
		B376DB250FB86B5D00987ED4 /* CNView.h in Headers */ = {isa = PBXBuildFile; fileRef = B376DB240FB86B5D00987ED4 /* CNView.h */; };
/* End PBXBuildFile section */

/* Begin PBXFileReference section */
		0867D69BFE84028FC02AAC07 /* Foundation.framework */ = {isa = PBXFileReference; lastKnownFileType = wrapper.framework; name = Foundation.framework; path = /System/Library/Frameworks/Foundation.framework; sourceTree = "<absolute>"; };
		0867D6A5FE840307C02AAC07 /* AppKit.framework */ = {isa = PBXFileReference; lastKnownFileType = wrapper.framework; name = AppKit.framework; path = /System/Library/Frameworks/AppKit.framework; sourceTree = "<absolute>"; };
		089C1667FE841158C02AAC07 /* English */ = {isa = PBXFileReference; fileEncoding = 10; lastKnownFileType = text.plist.strings; name = English; path = English.lproj/InfoPlist.strings; sourceTree = "<group>"; };
		1058C7B1FEA5585E11CA2CBB /* Cocoa.framework */ = {isa = PBXFileReference; lastKnownFileType = wrapper.framework; name = Cocoa.framework; path = /System/Library/Frameworks/Cocoa.framework; sourceTree = "<absolute>"; };
		32DBCF5E0370ADEE00C91783 /* CocoNuitFramework_Prefix.pch */ = {isa = PBXFileReference; fileEncoding = 4; lastKnownFileType = sourcecode.c.h; path = CocoNuitFramework_Prefix.pch; sourceTree = "<group>"; };
		6963AF170FB75F7800B2287A /* CNOscMessageDispatcher.h */ = {isa = PBXFileReference; fileEncoding = 4; lastKnownFileType = sourcecode.c.h; path = CNOscMessageDispatcher.h; sourceTree = "<group>"; };
		6963AF180FB75F7800B2287A /* CNOscMessageDispatcher.m */ = {isa = PBXFileReference; fileEncoding = 4; lastKnownFileType = sourcecode.c.objc; path = CNOscMessageDispatcher.m; sourceTree = "<group>"; };
		6963AF190FB75F7800B2287A /* CNTuioCursor.h */ = {isa = PBXFileReference; fileEncoding = 4; lastKnownFileType = sourcecode.c.h; path = CNTuioCursor.h; sourceTree = "<group>"; };
		6963AF1A0FB75F7800B2287A /* CNTuioCursor.m */ = {isa = PBXFileReference; fileEncoding = 4; lastKnownFileType = sourcecode.c.objc; path = CNTuioCursor.m; sourceTree = "<group>"; };
		6963AF1B0FB75F7800B2287A /* CNTuioDispatcher.h */ = {isa = PBXFileReference; fileEncoding = 4; lastKnownFileType = sourcecode.c.h; path = CNTuioDispatcher.h; sourceTree = "<group>"; };
		6963AF1C0FB75F7800B2287A /* CNTuioDispatcher.m */ = {isa = PBXFileReference; fileEncoding = 4; lastKnownFileType = sourcecode.c.objc; path = CNTuioDispatcher.m; sourceTree = "<group>"; };
		6963AF240FB75F9D00B2287A /* CN1FingerRotate.h */ = {isa = PBXFileReference; fileEncoding = 4; lastKnownFileType = sourcecode.c.h; path = CN1FingerRotate.h; sourceTree = "<group>"; };
		6963AF250FB75F9D00B2287A /* CN1FingerRotate.m */ = {isa = PBXFileReference; fileEncoding = 4; lastKnownFileType = sourcecode.c.objc; path = CN1FingerRotate.m; sourceTree = "<group>"; };
		6963AF260FB75F9D00B2287A /* CN2FingerRotate.h */ = {isa = PBXFileReference; fileEncoding = 4; lastKnownFileType = sourcecode.c.h; path = CN2FingerRotate.h; sourceTree = "<group>"; };
		6963AF270FB75F9D00B2287A /* CN2FingerRotate.m */ = {isa = PBXFileReference; fileEncoding = 4; lastKnownFileType = sourcecode.c.objc; path = CN2FingerRotate.m; sourceTree = "<group>"; };
		6963AF280FB75F9D00B2287A /* CN2FingerScale.h */ = {isa = PBXFileReference; fileEncoding = 4; lastKnownFileType = sourcecode.c.h; path = CN2FingerScale.h; sourceTree = "<group>"; };
		6963AF290FB75F9D00B2287A /* CN2FingerScale.m */ = {isa = PBXFileReference; fileEncoding = 4; lastKnownFileType = sourcecode.c.objc; path = CN2FingerScale.m; sourceTree = "<group>"; };
		6963AF2A0FB75F9D00B2287A /* CNGesture.h */ = {isa = PBXFileReference; fileEncoding = 4; lastKnownFileType = sourcecode.c.h; path = CNGesture.h; sourceTree = "<group>"; };
		6963AF2B0FB75F9D00B2287A /* CNGesture.m */ = {isa = PBXFileReference; fileEncoding = 4; lastKnownFileType = sourcecode.c.objc; path = CNGesture.m; sourceTree = "<group>"; };
		6963AF2C0FB75F9D00B2287A /* CNGestureFactory.h */ = {isa = PBXFileReference; fileEncoding = 4; lastKnownFileType = sourcecode.c.h; path = CNGestureFactory.h; sourceTree = "<group>"; };
		6963AF2D0FB75F9D00B2287A /* CNGestureFactory.m */ = {isa = PBXFileReference; fileEncoding = 4; lastKnownFileType = sourcecode.c.objc; path = CNGestureFactory.m; sourceTree = "<group>"; };
		6963AF2E0FB75F9D00B2287A /* CNHold.h */ = {isa = PBXFileReference; fileEncoding = 4; lastKnownFileType = sourcecode.c.h; path = CNHold.h; sourceTree = "<group>"; };
		6963AF2F0FB75F9D00B2287A /* CNHold.m */ = {isa = PBXFileReference; fileEncoding = 4; lastKnownFileType = sourcecode.c.objc; path = CNHold.m; sourceTree = "<group>"; };
		6963AF300FB75F9D00B2287A /* CNMove.h */ = {isa = PBXFileReference; fileEncoding = 4; lastKnownFileType = sourcecode.c.h; path = CNMove.h; sourceTree = "<group>"; };
		6963AF310FB75F9D00B2287A /* CNMove.m */ = {isa = PBXFileReference; fileEncoding = 4; lastKnownFileType = sourcecode.c.objc; path = CNMove.m; sourceTree = "<group>"; };
		6963AF320FB75F9D00B2287A /* CNPress.h */ = {isa = PBXFileReference; fileEncoding = 4; lastKnownFileType = sourcecode.c.h; path = CNPress.h; sourceTree = "<group>"; };
		6963AF330FB75F9D00B2287A /* CNPress.m */ = {isa = PBXFileReference; fileEncoding = 4; lastKnownFileType = sourcecode.c.objc; path = CNPress.m; sourceTree = "<group>"; };
		6963AF340FB75F9D00B2287A /* CNRelease.h */ = {isa = PBXFileReference; fileEncoding = 4; lastKnownFileType = sourcecode.c.h; path = CNRelease.h; sourceTree = "<group>"; };
		6963AF350FB75F9D00B2287A /* CNRelease.m */ = {isa = PBXFileReference; fileEncoding = 4; lastKnownFileType = sourcecode.c.objc; path = CNRelease.m; sourceTree = "<group>"; };
		6963AF360FB75F9D00B2287A /* CNTap.h */ = {isa = PBXFileReference; fileEncoding = 4; lastKnownFileType = sourcecode.c.h; path = CNTap.h; sourceTree = "<group>"; };
		6963AF370FB75F9D00B2287A /* CNTap.m */ = {isa = PBXFileReference; fileEncoding = 4; lastKnownFileType = sourcecode.c.objc; path = CNTap.m; sourceTree = "<group>"; };
		6963AF380FB75F9D00B2287A /* CNUpdate.h */ = {isa = PBXFileReference; fileEncoding = 4; lastKnownFileType = sourcecode.c.h; path = CNUpdate.h; sourceTree = "<group>"; };
		6963AF390FB75F9D00B2287A /* CNUpdate.m */ = {isa = PBXFileReference; fileEncoding = 4; lastKnownFileType = sourcecode.c.objc; path = CNUpdate.m; sourceTree = "<group>"; };
		6963AF510FB75FB400B2287A /* CNEvent.h */ = {isa = PBXFileReference; fileEncoding = 4; lastKnownFileType = sourcecode.c.h; path = CNEvent.h; sourceTree = "<group>"; };
		6963AF520FB75FB400B2287A /* CNEvent.m */ = {isa = PBXFileReference; fileEncoding = 4; lastKnownFileType = sourcecode.c.objc; path = CNEvent.m; sourceTree = "<group>"; };
		6963AF530FB75FB400B2287A /* CNEventDispatcher.h */ = {isa = PBXFileReference; fileEncoding = 4; lastKnownFileType = sourcecode.c.h; path = CNEventDispatcher.h; sourceTree = "<group>"; };
		6963AF540FB75FB400B2287A /* CNEventDispatcher.m */ = {isa = PBXFileReference; fileEncoding = 4; lastKnownFileType = sourcecode.c.objc; path = CNEventDispatcher.m; sourceTree = "<group>"; };
		6963AF550FB75FB400B2287A /* CNPathElement.h */ = {isa = PBXFileReference; fileEncoding = 4; lastKnownFileType = sourcecode.c.h; path = CNPathElement.h; sourceTree = "<group>"; };
		6963AF560FB75FB400B2287A /* CNPathElement.m */ = {isa = PBXFileReference; fileEncoding = 4; lastKnownFileType = sourcecode.c.objc; path = CNPathElement.m; sourceTree = "<group>"; };
		6963AF570FB75FB400B2287A /* CNStroke.h */ = {isa = PBXFileReference; fileEncoding = 4; lastKnownFileType = sourcecode.c.h; path = CNStroke.h; sourceTree = "<group>"; };
		6963AF580FB75FB400B2287A /* CNStroke.m */ = {isa = PBXFileReference; fileEncoding = 4; lastKnownFileType = sourcecode.c.objc; path = CNStroke.m; sourceTree = "<group>"; };
		6963AF590FB75FB400B2287A /* CNTouch.h */ = {isa = PBXFileReference; fileEncoding = 4; lastKnownFileType = sourcecode.c.h; path = CNTouch.h; sourceTree = "<group>"; };
		6963AF5A0FB75FB400B2287A /* CNTouch.m */ = {isa = PBXFileReference; fileEncoding = 4; lastKnownFileType = sourcecode.c.objc; path = CNTouch.m; sourceTree = "<group>"; };
		6963AF660FB75FDA00B2287A /* CN2dVect.h */ = {isa = PBXFileReference; fileEncoding = 4; lastKnownFileType = sourcecode.c.h; path = CN2dVect.h; sourceTree = "<group>"; };
		6963AF670FB75FDA00B2287A /* CN2dVect.m */ = {isa = PBXFileReference; fileEncoding = 4; lastKnownFileType = sourcecode.c.objc; path = CN2dVect.m; sourceTree = "<group>"; };
		6963AF680FB75FDA00B2287A /* CNMath.h */ = {isa = PBXFileReference; fileEncoding = 4; lastKnownFileType = sourcecode.c.h; path = CNMath.h; sourceTree = "<group>"; };
		6963AF690FB75FDA00B2287A /* CNObserverProtocol.h */ = {isa = PBXFileReference; fileEncoding = 4; lastKnownFileType = sourcecode.c.h; path = CNObserverProtocol.h; sourceTree = "<group>"; };
		6963AFA00FB7603900B2287A /* BBAppController.h */ = {isa = PBXFileReference; fileEncoding = 4; lastKnownFileType = sourcecode.c.h; name = BBAppController.h; path = BBosc/src/BBAppController.h; sourceTree = "<group>"; };
		6963AFA10FB7603900B2287A /* BBAppController.m */ = {isa = PBXFileReference; fileEncoding = 4; lastKnownFileType = sourcecode.c.objc; name = BBAppController.m; path = BBosc/src/BBAppController.m; sourceTree = "<group>"; };
		6963AFA30FB7603900B2287A /* BBOSCAddress.h */ = {isa = PBXFileReference; fileEncoding = 4; lastKnownFileType = sourcecode.c.h; name = BBOSCAddress.h; path = BBosc/src/BBOSCAddress.h; sourceTree = "<group>"; };
		6963AFA40FB7603900B2287A /* BBOSCAddress.m */ = {isa = PBXFileReference; fileEncoding = 4; lastKnownFileType = sourcecode.c.objc; name = BBOSCAddress.m; path = BBosc/src/BBOSCAddress.m; sourceTree = "<group>"; };
		6963AFA50FB7603900B2287A /* BBOSCArgument.h */ = {isa = PBXFileReference; fileEncoding = 4; lastKnownFileType = sourcecode.c.h; name = BBOSCArgument.h; path = BBosc/src/BBOSCArgument.h; sourceTree = "<group>"; };
		6963AFA60FB7603900B2287A /* BBOSCArgument.m */ = {isa = PBXFileReference; fileEncoding = 4; lastKnownFileType = sourcecode.c.objc; name = BBOSCArgument.m; path = BBosc/src/BBOSCArgument.m; sourceTree = "<group>"; };
		6963AFA70FB7603900B2287A /* BBOSCBundle.h */ = {isa = PBXFileReference; fileEncoding = 4; lastKnownFileType = sourcecode.c.h; name = BBOSCBundle.h; path = BBosc/src/BBOSCBundle.h; sourceTree = "<group>"; };
		6963AFA80FB7603900B2287A /* BBOSCBundle.m */ = {isa = PBXFileReference; fileEncoding = 4; lastKnownFileType = sourcecode.c.objc; name = BBOSCBundle.m; path = BBosc/src/BBOSCBundle.m; sourceTree = "<group>"; };
		6963AFA90FB7603900B2287A /* BBOSCDataUtilities.h */ = {isa = PBXFileReference; fileEncoding = 4; lastKnownFileType = sourcecode.c.h; name = BBOSCDataUtilities.h; path = BBosc/src/BBOSCDataUtilities.h; sourceTree = "<group>"; };
		6963AFAA0FB7603900B2287A /* BBOSCDataUtilities.m */ = {isa = PBXFileReference; fileEncoding = 4; lastKnownFileType = sourcecode.c.objc; name = BBOSCDataUtilities.m; path = BBosc/src/BBOSCDataUtilities.m; sourceTree = "<group>"; };
		6963AFAB0FB7603900B2287A /* BBOSCDecoder.h */ = {isa = PBXFileReference; fileEncoding = 4; lastKnownFileType = sourcecode.c.h; name = BBOSCDecoder.h; path = BBosc/src/BBOSCDecoder.h; sourceTree = "<group>"; };
		6963AFAC0FB7603900B2287A /* BBOSCDecoder.m */ = {isa = PBXFileReference; fileEncoding = 4; lastKnownFileType = sourcecode.c.objc; name = BBOSCDecoder.m; path = BBosc/src/BBOSCDecoder.m; sourceTree = "<group>"; };
		6963AFAD0FB7603900B2287A /* BBOSCDispatcher.h */ = {isa = PBXFileReference; fileEncoding = 4; lastKnownFileType = sourcecode.c.h; name = BBOSCDispatcher.h; path = BBosc/src/BBOSCDispatcher.h; sourceTree = "<group>"; };
		6963AFAE0FB7603900B2287A /* BBOSCDispatcher.m */ = {isa = PBXFileReference; fileEncoding = 4; lastKnownFileType = sourcecode.c.objc; name = BBOSCDispatcher.m; path = BBosc/src/BBOSCDispatcher.m; sourceTree = "<group>"; };
		6963AFAF0FB7603900B2287A /* BBOSCListener.h */ = {isa = PBXFileReference; fileEncoding = 4; lastKnownFileType = sourcecode.c.h; name = BBOSCListener.h; path = BBosc/src/BBOSCListener.h; sourceTree = "<group>"; };
		6963AFB00FB7603900B2287A /* BBOSCListener.m */ = {isa = PBXFileReference; fileEncoding = 4; lastKnownFileType = sourcecode.c.objc; name = BBOSCListener.m; path = BBosc/src/BBOSCListener.m; sourceTree = "<group>"; };
		6963AFB10FB7603900B2287A /* BBOSCMessage.h */ = {isa = PBXFileReference; fileEncoding = 4; lastKnownFileType = sourcecode.c.h; name = BBOSCMessage.h; path = BBosc/src/BBOSCMessage.h; sourceTree = "<group>"; };
		6963AFB20FB7603900B2287A /* BBOSCMessage.m */ = {isa = PBXFileReference; fileEncoding = 4; lastKnownFileType = sourcecode.c.objc; name = BBOSCMessage.m; path = BBosc/src/BBOSCMessage.m; sourceTree = "<group>"; };
		6963AFB30FB7603900B2287A /* BBOSCPacket.h */ = {isa = PBXFileReference; fileEncoding = 4; lastKnownFileType = sourcecode.c.h; name = BBOSCPacket.h; path = BBosc/src/BBOSCPacket.h; sourceTree = "<group>"; };
		6963AFB40FB7603900B2287A /* BBOSCPacket.m */ = {isa = PBXFileReference; fileEncoding = 4; lastKnownFileType = sourcecode.c.objc; name = BBOSCPacket.m; path = BBosc/src/BBOSCPacket.m; sourceTree = "<group>"; };
		6963AFB50FB7603900B2287A /* BBOSCSender.h */ = {isa = PBXFileReference; fileEncoding = 4; lastKnownFileType = sourcecode.c.h; name = BBOSCSender.h; path = BBosc/src/BBOSCSender.h; sourceTree = "<group>"; };
		6963AFB60FB7603900B2287A /* BBOSCSender.m */ = {isa = PBXFileReference; fileEncoding = 4; lastKnownFileType = sourcecode.c.objc; name = BBOSCSender.m; path = BBosc/src/BBOSCSender.m; sourceTree = "<group>"; };
		6963AFD40FB760C100B2287A /* CNLayer.h */ = {isa = PBXFileReference; fileEncoding = 4; lastKnownFileType = sourcecode.c.h; name = CNLayer.h; path = graphics/CNLayer.h; sourceTree = "<group>"; };
		6963AFD50FB760C100B2287A /* CNLayer.m */ = {isa = PBXFileReference; fileEncoding = 4; lastKnownFileType = sourcecode.c.objc; name = CNLayer.m; path = graphics/CNLayer.m; sourceTree = "<group>"; };
		6963AFD60FB760C100B2287A /* CNLayerModifier.h */ = {isa = PBXFileReference; fileEncoding = 4; lastKnownFileType = sourcecode.c.h; name = CNLayerModifier.h; path = graphics/CNLayerModifier.h; sourceTree = "<group>"; };
		6963AFD70FB760C100B2287A /* CNLayerModifier.m */ = {isa = PBXFileReference; fileEncoding = 4; lastKnownFileType = sourcecode.c.objc; name = CNLayerModifier.m; path = graphics/CNLayerModifier.m; sourceTree = "<group>"; };
		6963AFE40FB7617700B2287A /* QTKit.framework */ = {isa = PBXFileReference; lastKnownFileType = wrapper.framework; name = QTKit.framework; path = /System/Library/Frameworks/QTKit.framework; sourceTree = "<absolute>"; };
		6963AFE60FB7618600B2287A /* Quartz.framework */ = {isa = PBXFileReference; lastKnownFileType = wrapper.framework; name = Quartz.framework; path = /System/Library/Frameworks/Quartz.framework; sourceTree = "<absolute>"; };
		8DC2EF5A0486A6940098B216 /* Info.plist */ = {isa = PBXFileReference; fileEncoding = 4; lastKnownFileType = text.plist.xml; path = Info.plist; sourceTree = "<group>"; };
		8DC2EF5B0486A6940098B216 /* CocoNuit.framework */ = {isa = PBXFileReference; explicitFileType = wrapper.framework; includeInIndex = 0; path = CocoNuit.framework; sourceTree = BUILT_PRODUCTS_DIR; };
		B375BDE50FB76E1300179F5D /* BBOSC.framework */ = {isa = PBXFileReference; lastKnownFileType = wrapper.framework; name = BBOSC.framework; path = ../../Library/Frameworks/BBOSC.framework; sourceTree = SOURCE_ROOT; };
		B376DB240FB86B5D00987ED4 /* CNView.h */ = {isa = PBXFileReference; fileEncoding = 4; lastKnownFileType = sourcecode.c.h; name = CNView.h; path = graphics/CNView.h; sourceTree = "<group>"; };
		D2F7E79907B2D74100F64583 /* CoreData.framework */ = {isa = PBXFileReference; lastKnownFileType = wrapper.framework; name = CoreData.framework; path = /System/Library/Frameworks/CoreData.framework; sourceTree = "<absolute>"; };
/* End PBXFileReference section */

/* Begin PBXFrameworksBuildPhase section */
		8DC2EF560486A6940098B216 /* Frameworks */ = {
			isa = PBXFrameworksBuildPhase;
			buildActionMask = 2147483647;
			files = (
				8DC2EF570486A6940098B216 /* Cocoa.framework in Frameworks */,
				6963AFE50FB7617700B2287A /* QTKit.framework in Frameworks */,
				6963AFE70FB7618600B2287A /* Quartz.framework in Frameworks */,
				B375BDE60FB76E1300179F5D /* BBOSC.framework in Frameworks */,
			);
			runOnlyForDeploymentPostprocessing = 0;
		};
/* End PBXFrameworksBuildPhase section */

/* Begin PBXGroup section */
		034768DFFF38A50411DB9C8B /* Products */ = {
			isa = PBXGroup;
			children = (
				8DC2EF5B0486A6940098B216 /* CocoNuit.framework */,
			);
			name = Products;
			sourceTree = "<group>";
		};
		0867D691FE84028FC02AAC07 /* CocoNuitFramework */ = {
			isa = PBXGroup;
			children = (
				08FB77AEFE84172EC02AAC07 /* Classes */,
				32C88DFF0371C24200C91783 /* Other Sources */,
				089C1665FE841158C02AAC07 /* Resources */,
				0867D69AFE84028FC02AAC07 /* External Frameworks and Libraries */,
				034768DFFF38A50411DB9C8B /* Products */,
			);
			name = CocoNuitFramework;
			sourceTree = "<group>";
		};
		0867D69AFE84028FC02AAC07 /* External Frameworks and Libraries */ = {
			isa = PBXGroup;
			children = (
				1058C7B0FEA5585E11CA2CBB /* Linked Frameworks */,
				1058C7B2FEA5585E11CA2CBB /* Other Frameworks */,
			);
			name = "External Frameworks and Libraries";
			sourceTree = "<group>";
		};
		089C1665FE841158C02AAC07 /* Resources */ = {
			isa = PBXGroup;
			children = (
				8DC2EF5A0486A6940098B216 /* Info.plist */,
				089C1666FE841158C02AAC07 /* InfoPlist.strings */,
			);
			name = Resources;
			sourceTree = "<group>";
		};
		08FB77AEFE84172EC02AAC07 /* Classes */ = {
			isa = PBXGroup;
			children = (
				6963AFD30FB7609700B2287A /* Interface */,
				6963AF9F0FB7601300B2287A /* BBOsc */,
				6963AF650FB75FDA00B2287A /* Utils */,
				6963AF500FB75FB400B2287A /* EventManagement */,
				6963AF230FB75F9D00B2287A /* GestureRecognition */,
				6963AF160FB75F7800B2287A /* TuioEngine */,
			);
			name = Classes;
			sourceTree = "<group>";
		};
		1058C7B0FEA5585E11CA2CBB /* Linked Frameworks */ = {
			isa = PBXGroup;
			children = (
				B375BDE50FB76E1300179F5D /* BBOSC.framework */,
				6963AFE60FB7618600B2287A /* Quartz.framework */,
				6963AFE40FB7617700B2287A /* QTKit.framework */,
				1058C7B1FEA5585E11CA2CBB /* Cocoa.framework */,
			);
			name = "Linked Frameworks";
			sourceTree = "<group>";
		};
		1058C7B2FEA5585E11CA2CBB /* Other Frameworks */ = {
			isa = PBXGroup;
			children = (
				0867D6A5FE840307C02AAC07 /* AppKit.framework */,
				D2F7E79907B2D74100F64583 /* CoreData.framework */,
				0867D69BFE84028FC02AAC07 /* Foundation.framework */,
			);
			name = "Other Frameworks";
			sourceTree = "<group>";
		};
		32C88DFF0371C24200C91783 /* Other Sources */ = {
			isa = PBXGroup;
			children = (
				32DBCF5E0370ADEE00C91783 /* CocoNuitFramework_Prefix.pch */,
			);
			name = "Other Sources";
			sourceTree = "<group>";
		};
		6963AF160FB75F7800B2287A /* TuioEngine */ = {
			isa = PBXGroup;
			children = (
				6963AF170FB75F7800B2287A /* CNOscMessageDispatcher.h */,
				6963AF180FB75F7800B2287A /* CNOscMessageDispatcher.m */,
				6963AF190FB75F7800B2287A /* CNTuioCursor.h */,
				6963AF1A0FB75F7800B2287A /* CNTuioCursor.m */,
				6963AF1B0FB75F7800B2287A /* CNTuioDispatcher.h */,
				6963AF1C0FB75F7800B2287A /* CNTuioDispatcher.m */,
			);
			name = TuioEngine;
			path = tuioengine;
			sourceTree = "<group>";
		};
		6963AF230FB75F9D00B2287A /* GestureRecognition */ = {
			isa = PBXGroup;
			children = (
				6963AF240FB75F9D00B2287A /* CN1FingerRotate.h */,
				6963AF250FB75F9D00B2287A /* CN1FingerRotate.m */,
				6963AF260FB75F9D00B2287A /* CN2FingerRotate.h */,
				6963AF270FB75F9D00B2287A /* CN2FingerRotate.m */,
				6963AF280FB75F9D00B2287A /* CN2FingerScale.h */,
				6963AF290FB75F9D00B2287A /* CN2FingerScale.m */,
				6963AF2A0FB75F9D00B2287A /* CNGesture.h */,
				6963AF2B0FB75F9D00B2287A /* CNGesture.m */,
				6963AF2C0FB75F9D00B2287A /* CNGestureFactory.h */,
				6963AF2D0FB75F9D00B2287A /* CNGestureFactory.m */,
				6963AF2E0FB75F9D00B2287A /* CNHold.h */,
				6963AF2F0FB75F9D00B2287A /* CNHold.m */,
				6963AF300FB75F9D00B2287A /* CNMove.h */,
				6963AF310FB75F9D00B2287A /* CNMove.m */,
				6963AF320FB75F9D00B2287A /* CNPress.h */,
				6963AF330FB75F9D00B2287A /* CNPress.m */,
				6963AF340FB75F9D00B2287A /* CNRelease.h */,
				6963AF350FB75F9D00B2287A /* CNRelease.m */,
				6963AF360FB75F9D00B2287A /* CNTap.h */,
				6963AF370FB75F9D00B2287A /* CNTap.m */,
				6963AF380FB75F9D00B2287A /* CNUpdate.h */,
				6963AF390FB75F9D00B2287A /* CNUpdate.m */,
			);
			name = GestureRecognition;
			path = gesturerecognition;
			sourceTree = "<group>";
		};
		6963AF500FB75FB400B2287A /* EventManagement */ = {
			isa = PBXGroup;
			children = (
				6963AF510FB75FB400B2287A /* CNEvent.h */,
				6963AF520FB75FB400B2287A /* CNEvent.m */,
				6963AF530FB75FB400B2287A /* CNEventDispatcher.h */,
				6963AF540FB75FB400B2287A /* CNEventDispatcher.m */,
				6963AF550FB75FB400B2287A /* CNPathElement.h */,
				6963AF560FB75FB400B2287A /* CNPathElement.m */,
				6963AF570FB75FB400B2287A /* CNStroke.h */,
				6963AF580FB75FB400B2287A /* CNStroke.m */,
				6963AF590FB75FB400B2287A /* CNTouch.h */,
				6963AF5A0FB75FB400B2287A /* CNTouch.m */,
			);
			name = EventManagement;
			path = eventmanagement;
			sourceTree = "<group>";
		};
		6963AF650FB75FDA00B2287A /* Utils */ = {
			isa = PBXGroup;
			children = (
				6963AF660FB75FDA00B2287A /* CN2dVect.h */,
				6963AF670FB75FDA00B2287A /* CN2dVect.m */,
				6963AF680FB75FDA00B2287A /* CNMath.h */,
				6963AF690FB75FDA00B2287A /* CNObserverProtocol.h */,
			);
			name = Utils;
			path = utils;
			sourceTree = "<group>";
		};
		6963AF9F0FB7601300B2287A /* BBOsc */ = {
			isa = PBXGroup;
			children = (
				6963AFA00FB7603900B2287A /* BBAppController.h */,
				6963AFA10FB7603900B2287A /* BBAppController.m */,
				6963AFA30FB7603900B2287A /* BBOSCAddress.h */,
				6963AFA40FB7603900B2287A /* BBOSCAddress.m */,
				6963AFA50FB7603900B2287A /* BBOSCArgument.h */,
				6963AFA60FB7603900B2287A /* BBOSCArgument.m */,
				6963AFA70FB7603900B2287A /* BBOSCBundle.h */,
				6963AFA80FB7603900B2287A /* BBOSCBundle.m */,
				6963AFA90FB7603900B2287A /* BBOSCDataUtilities.h */,
				6963AFAA0FB7603900B2287A /* BBOSCDataUtilities.m */,
				6963AFAB0FB7603900B2287A /* BBOSCDecoder.h */,
				6963AFAC0FB7603900B2287A /* BBOSCDecoder.m */,
				6963AFAD0FB7603900B2287A /* BBOSCDispatcher.h */,
				6963AFAE0FB7603900B2287A /* BBOSCDispatcher.m */,
				6963AFAF0FB7603900B2287A /* BBOSCListener.h */,
				6963AFB00FB7603900B2287A /* BBOSCListener.m */,
				6963AFB10FB7603900B2287A /* BBOSCMessage.h */,
				6963AFB20FB7603900B2287A /* BBOSCMessage.m */,
				6963AFB30FB7603900B2287A /* BBOSCPacket.h */,
				6963AFB40FB7603900B2287A /* BBOSCPacket.m */,
				6963AFB50FB7603900B2287A /* BBOSCSender.h */,
				6963AFB60FB7603900B2287A /* BBOSCSender.m */,
			);
			name = BBOsc;
			sourceTree = "<group>";
		};
		6963AFD30FB7609700B2287A /* Interface */ = {
			isa = PBXGroup;
			children = (
				B376DB240FB86B5D00987ED4 /* CNView.h */,
				6963AFD40FB760C100B2287A /* CNLayer.h */,
				6963AFD50FB760C100B2287A /* CNLayer.m */,
				6963AFD60FB760C100B2287A /* CNLayerModifier.h */,
				6963AFD70FB760C100B2287A /* CNLayerModifier.m */,
			);
			name = Interface;
			sourceTree = "<group>";
		};
/* End PBXGroup section */

/* Begin PBXHeadersBuildPhase section */
		8DC2EF500486A6940098B216 /* Headers */ = {
			isa = PBXHeadersBuildPhase;
			buildActionMask = 2147483647;
			files = (
				6963AF1D0FB75F7800B2287A /* CNOscMessageDispatcher.h in Headers */,
				6963AF1F0FB75F7800B2287A /* CNTuioCursor.h in Headers */,
				6963AF210FB75F7800B2287A /* CNTuioDispatcher.h in Headers */,
				6963AF3A0FB75F9D00B2287A /* CN1FingerRotate.h in Headers */,
				6963AF3C0FB75F9D00B2287A /* CN2FingerRotate.h in Headers */,
				6963AF3E0FB75F9D00B2287A /* CN2FingerScale.h in Headers */,
				6963AF400FB75F9D00B2287A /* CNGesture.h in Headers */,
				6963AF420FB75F9D00B2287A /* CNGestureFactory.h in Headers */,
				6963AF440FB75F9D00B2287A /* CNHold.h in Headers */,
				6963AF460FB75F9D00B2287A /* CNMove.h in Headers */,
				6963AF480FB75F9D00B2287A /* CNPress.h in Headers */,
				6963AF4A0FB75F9D00B2287A /* CNRelease.h in Headers */,
				6963AF4C0FB75F9D00B2287A /* CNTap.h in Headers */,
				6963AF4E0FB75F9D00B2287A /* CNUpdate.h in Headers */,
				6963AF5B0FB75FB400B2287A /* CNEvent.h in Headers */,
				6963AF5D0FB75FB400B2287A /* CNEventDispatcher.h in Headers */,
				6963AF5F0FB75FB400B2287A /* CNPathElement.h in Headers */,
				6963AF610FB75FB400B2287A /* CNStroke.h in Headers */,
				6963AF630FB75FB400B2287A /* CNTouch.h in Headers */,
				6963AF6A0FB75FDA00B2287A /* CN2dVect.h in Headers */,
				6963AF6C0FB75FDA00B2287A /* CNMath.h in Headers */,
				6963AF6D0FB75FDA00B2287A /* CNObserverProtocol.h in Headers */,
				6963AFB70FB7603900B2287A /* BBAppController.h in Headers */,
				6963AFBA0FB7603900B2287A /* BBOSCAddress.h in Headers */,
				6963AFBC0FB7603900B2287A /* BBOSCArgument.h in Headers */,
				6963AFBE0FB7603900B2287A /* BBOSCBundle.h in Headers */,
				6963AFC00FB7603900B2287A /* BBOSCDataUtilities.h in Headers */,
				6963AFC20FB7603900B2287A /* BBOSCDecoder.h in Headers */,
				6963AFC40FB7603900B2287A /* BBOSCDispatcher.h in Headers */,
				6963AFC60FB7603900B2287A /* BBOSCListener.h in Headers */,
				6963AFC80FB7603900B2287A /* BBOSCMessage.h in Headers */,
				6963AFCA0FB7603900B2287A /* BBOSCPacket.h in Headers */,
				6963AFCC0FB7603900B2287A /* BBOSCSender.h in Headers */,
				6963AFDA0FB760C100B2287A /* CNLayerModifier.h in Headers */,
				6963B1010FB76FC400B2287A /* CNLayer.h in Headers */,
				B376DB250FB86B5D00987ED4 /* CNView.h in Headers */,
			);
			runOnlyForDeploymentPostprocessing = 0;
		};
/* End PBXHeadersBuildPhase section */

/* Begin PBXNativeTarget section */
		8DC2EF4F0486A6940098B216 /* CocoNuit */ = {
			isa = PBXNativeTarget;
			buildConfigurationList = 1DEB91AD08733DA50010E9CD /* Build configuration list for PBXNativeTarget "CocoNuit" */;
			buildPhases = (
				8DC2EF500486A6940098B216 /* Headers */,
				8DC2EF520486A6940098B216 /* Resources */,
				8DC2EF540486A6940098B216 /* Sources */,
				8DC2EF560486A6940098B216 /* Frameworks */,
			);
			buildRules = (
			);
			dependencies = (
			);
			name = CocoNuit;
			productInstallPath = "$(HOME)/Library/Frameworks";
			productName = CocoNuitFramework;
			productReference = 8DC2EF5B0486A6940098B216 /* CocoNuit.framework */;
			productType = "com.apple.product-type.framework";
		};
/* End PBXNativeTarget section */

/* Begin PBXProject section */
		0867D690FE84028FC02AAC07 /* Project object */ = {
			isa = PBXProject;
			buildConfigurationList = 1DEB91B108733DA50010E9CD /* Build configuration list for PBXProject "CocoNuitFramework" */;
			compatibilityVersion = "Xcode 3.1";
			hasScannedForEncodings = 1;
			mainGroup = 0867D691FE84028FC02AAC07 /* CocoNuitFramework */;
			productRefGroup = 034768DFFF38A50411DB9C8B /* Products */;
			projectDirPath = "";
			projectRoot = "";
			targets = (
				8DC2EF4F0486A6940098B216 /* CocoNuit */,
			);
		};
/* End PBXProject section */

/* Begin PBXResourcesBuildPhase section */
		8DC2EF520486A6940098B216 /* Resources */ = {
			isa = PBXResourcesBuildPhase;
			buildActionMask = 2147483647;
			files = (
				8DC2EF530486A6940098B216 /* InfoPlist.strings in Resources */,
			);
			runOnlyForDeploymentPostprocessing = 0;
		};
/* End PBXResourcesBuildPhase section */

/* Begin PBXSourcesBuildPhase section */
		8DC2EF540486A6940098B216 /* Sources */ = {
			isa = PBXSourcesBuildPhase;
			buildActionMask = 2147483647;
			files = (
				6963AF1E0FB75F7800B2287A /* CNOscMessageDispatcher.m in Sources */,
				6963AF200FB75F7800B2287A /* CNTuioCursor.m in Sources */,
				6963AF220FB75F7800B2287A /* CNTuioDispatcher.m in Sources */,
				6963AF3B0FB75F9D00B2287A /* CN1FingerRotate.m in Sources */,
				6963AF3D0FB75F9D00B2287A /* CN2FingerRotate.m in Sources */,
				6963AF3F0FB75F9D00B2287A /* CN2FingerScale.m in Sources */,
				6963AF410FB75F9D00B2287A /* CNGesture.m in Sources */,
				6963AF430FB75F9D00B2287A /* CNGestureFactory.m in Sources */,
				6963AF450FB75F9D00B2287A /* CNHold.m in Sources */,
				6963AF470FB75F9D00B2287A /* CNMove.m in Sources */,
				6963AF490FB75F9D00B2287A /* CNPress.m in Sources */,
				6963AF4B0FB75F9D00B2287A /* CNRelease.m in Sources */,
				6963AF4D0FB75F9D00B2287A /* CNTap.m in Sources */,
				6963AF4F0FB75F9D00B2287A /* CNUpdate.m in Sources */,
				6963AF5C0FB75FB400B2287A /* CNEvent.m in Sources */,
				6963AF5E0FB75FB400B2287A /* CNEventDispatcher.m in Sources */,
				6963AF600FB75FB400B2287A /* CNPathElement.m in Sources */,
				6963AF620FB75FB400B2287A /* CNStroke.m in Sources */,
				6963AF640FB75FB400B2287A /* CNTouch.m in Sources */,
				6963AF6B0FB75FDA00B2287A /* CN2dVect.m in Sources */,
				6963AFB80FB7603900B2287A /* BBAppController.m in Sources */,
				6963AFBB0FB7603900B2287A /* BBOSCAddress.m in Sources */,
				6963AFBD0FB7603900B2287A /* BBOSCArgument.m in Sources */,
				6963AFBF0FB7603900B2287A /* BBOSCBundle.m in Sources */,
				6963AFC10FB7603900B2287A /* BBOSCDataUtilities.m in Sources */,
				6963AFC30FB7603900B2287A /* BBOSCDecoder.m in Sources */,
				6963AFC50FB7603900B2287A /* BBOSCDispatcher.m in Sources */,
				6963AFC70FB7603900B2287A /* BBOSCListener.m in Sources */,
				6963AFC90FB7603900B2287A /* BBOSCMessage.m in Sources */,
				6963AFCB0FB7603900B2287A /* BBOSCPacket.m in Sources */,
				6963AFCD0FB7603900B2287A /* BBOSCSender.m in Sources */,
				6963AFD90FB760C100B2287A /* CNLayer.m in Sources */,
				6963AFDB0FB760C100B2287A /* CNLayerModifier.m in Sources */,
			);
			runOnlyForDeploymentPostprocessing = 0;
		};
/* End PBXSourcesBuildPhase section */

/* Begin PBXVariantGroup section */
		089C1666FE841158C02AAC07 /* InfoPlist.strings */ = {
			isa = PBXVariantGroup;
			children = (
				089C1667FE841158C02AAC07 /* English */,
			);
			name = InfoPlist.strings;
			sourceTree = "<group>";
		};
/* End PBXVariantGroup section */

/* Begin XCBuildConfiguration section */
		1DEB91AE08733DA50010E9CD /* Debug */ = {
			isa = XCBuildConfiguration;
			buildSettings = {
				ALWAYS_SEARCH_USER_PATHS = NO;
				COPY_PHASE_STRIP = NO;
				DYLIB_COMPATIBILITY_VERSION = 1;
				DYLIB_CURRENT_VERSION = 1;
				FRAMEWORK_SEARCH_PATHS = (
					"$(inherited)",
					"\"$(SRCROOT)/../../Library/Frameworks\"",
				);
				FRAMEWORK_VERSION = A;
				GCC_DYNAMIC_NO_PIC = NO;
				GCC_ENABLE_FIX_AND_CONTINUE = YES;
				GCC_MODEL_TUNING = G5;
				GCC_OPTIMIZATION_LEVEL = 0;
				GCC_PRECOMPILE_PREFIX_HEADER = YES;
				GCC_PREFIX_HEADER = CocoNuitFramework_Prefix.pch;
				INFOPLIST_FILE = Info.plist;
				INSTALL_PATH = "$(HOME)/Library/Frameworks";
				LD_DYLIB_INSTALL_NAME = "$(DYLIB_INSTALL_NAME_BASE:standardizepath)/$(EXECUTABLE_PATH) ";
				PRODUCT_NAME = CocoNuit;
				WRAPPER_EXTENSION = framework;
			};
			name = Debug;
		};
		1DEB91AF08733DA50010E9CD /* Release */ = {
			isa = XCBuildConfiguration;
			buildSettings = {
				ALWAYS_SEARCH_USER_PATHS = NO;
				DEBUG_INFORMATION_FORMAT = "dwarf-with-dsym";
				DYLIB_COMPATIBILITY_VERSION = 1;
				DYLIB_CURRENT_VERSION = 1;
				FRAMEWORK_SEARCH_PATHS = (
					"$(inherited)",
					"\"$(SRCROOT)/../../Library/Frameworks\"",
				);
				FRAMEWORK_VERSION = A;
				GCC_MODEL_TUNING = G5;
				GCC_PRECOMPILE_PREFIX_HEADER = YES;
				GCC_PREFIX_HEADER = CocoNuitFramework_Prefix.pch;
				INFOPLIST_FILE = Info.plist;
				INSTALL_PATH = "$(HOME)/Library/Frameworks";
				OBJROOT = build;
				PRODUCT_NAME = CocoNuit;
				SYMROOT = build;
				WRAPPER_EXTENSION = framework;
			};
			name = Release;
		};
		1DEB91B208733DA50010E9CD /* Debug */ = {
			isa = XCBuildConfiguration;
			buildSettings = {
				ARCHS = "$(ARCHS_STANDARD_32_BIT)";
				GCC_C_LANGUAGE_STANDARD = c99;
				GCC_OPTIMIZATION_LEVEL = 0;
				GCC_WARN_ABOUT_RETURN_TYPE = YES;
				GCC_WARN_UNUSED_VARIABLE = YES;
				ONLY_ACTIVE_ARCH = YES;
				PREBINDING = NO;
				SDKROOT = macosx10.5;
			};
			name = Debug;
		};
		1DEB91B308733DA50010E9CD /* Release */ = {
			isa = XCBuildConfiguration;
			buildSettings = {
				ARCHS = "$(ARCHS_STANDARD_32_BIT)";
				GCC_C_LANGUAGE_STANDARD = c99;
				GCC_WARN_ABOUT_RETURN_TYPE = YES;
				GCC_WARN_UNUSED_VARIABLE = YES;
				OBJROOT = build;
				PREBINDING = NO;
				SCAN_ALL_SOURCE_FILES_FOR_INCLUDES = YES;
				SDKROOT = macosx10.5;
				SYMROOT = build;
			};
			name = Release;
		};
/* End XCBuildConfiguration section */

/* Begin XCConfigurationList section */
		1DEB91AD08733DA50010E9CD /* Build configuration list for PBXNativeTarget "CocoNuit" */ = {
			isa = XCConfigurationList;
			buildConfigurations = (
				1DEB91AE08733DA50010E9CD /* Debug */,
				1DEB91AF08733DA50010E9CD /* Release */,
			);
			defaultConfigurationIsVisible = 0;
			defaultConfigurationName = Release;
		};
		1DEB91B108733DA50010E9CD /* Build configuration list for PBXProject "CocoNuitFramework" */ = {
			isa = XCConfigurationList;
			buildConfigurations = (
				1DEB91B208733DA50010E9CD /* Debug */,
				1DEB91B308733DA50010E9CD /* Release */,
			);
			defaultConfigurationIsVisible = 0;
			defaultConfigurationName = Release;
		};
/* End XCConfigurationList section */
	};
	rootObject = 0867D690FE84028FC02AAC07 /* Project object */;
}
