// !$*UTF8*$!
{
	archiveVersion = 1;
	classes = {
	};
	objectVersion = 45;
	objects = {

/* Begin PBXBuildFile section */
		1DDD58160DA1D0A300B32029 /* MainMenu.xib in Resources */ = {isa = PBXBuildFile; fileRef = 1DDD58140DA1D0A300B32029 /* MainMenu.xib */; };
		693435FE0FCEB93100E41022 /* CNTouchGroup.m in Sources */ = {isa = PBXBuildFile; fileRef = 693435FB0FCEB93100E41022 /* CNTouchGroup.m */; };
		693435FF0FCEB93100E41022 /* CNTouchGrouper.m in Sources */ = {isa = PBXBuildFile; fileRef = 693435FD0FCEB93100E41022 /* CNTouchGrouper.m */; };
		69372B260FC0313800E6A604 /* CoconuitConfig.m in Sources */ = {isa = PBXBuildFile; fileRef = 69372B250FC0313800E6A604 /* CoconuitConfig.m */; };
		698D1EA90FE693A900F5E2F8 /* CNWheel.m in Sources */ = {isa = PBXBuildFile; fileRef = 698D1EA80FE693A900F5E2F8 /* CNWheel.m */; };
		69E2C0430FB9DA2900E03C64 /* BBAppController.m in Sources */ = {isa = PBXBuildFile; fileRef = 69E2C0260FB9DA2900E03C64 /* BBAppController.m */; };
		69E2C0440FB9DA2900E03C64 /* BBOSCAddress.m in Sources */ = {isa = PBXBuildFile; fileRef = 69E2C0290FB9DA2900E03C64 /* BBOSCAddress.m */; };
		69E2C0450FB9DA2900E03C64 /* BBOSCArgument.m in Sources */ = {isa = PBXBuildFile; fileRef = 69E2C02B0FB9DA2900E03C64 /* BBOSCArgument.m */; };
		69E2C0460FB9DA2900E03C64 /* BBOSCBundle.m in Sources */ = {isa = PBXBuildFile; fileRef = 69E2C02D0FB9DA2900E03C64 /* BBOSCBundle.m */; };
		69E2C0470FB9DA2900E03C64 /* BBOSCDataUtilities.m in Sources */ = {isa = PBXBuildFile; fileRef = 69E2C0300FB9DA2900E03C64 /* BBOSCDataUtilities.m */; };
		69E2C0480FB9DA2900E03C64 /* BBOSCDecoder.m in Sources */ = {isa = PBXBuildFile; fileRef = 69E2C0320FB9DA2900E03C64 /* BBOSCDecoder.m */; };
		69E2C0490FB9DA2900E03C64 /* BBOSCDispatcher.m in Sources */ = {isa = PBXBuildFile; fileRef = 69E2C0340FB9DA2900E03C64 /* BBOSCDispatcher.m */; };
		69E2C04A0FB9DA2900E03C64 /* BBOSCListener.m in Sources */ = {isa = PBXBuildFile; fileRef = 69E2C0360FB9DA2900E03C64 /* BBOSCListener.m */; };
		69E2C04B0FB9DA2900E03C64 /* BBOSCMessage.m in Sources */ = {isa = PBXBuildFile; fileRef = 69E2C0380FB9DA2900E03C64 /* BBOSCMessage.m */; };
		69E2C04C0FB9DA2900E03C64 /* BBOSCPacket.m in Sources */ = {isa = PBXBuildFile; fileRef = 69E2C03A0FB9DA2900E03C64 /* BBOSCPacket.m */; };
		69E2C04D0FB9DA2900E03C64 /* BBOSCSender.m in Sources */ = {isa = PBXBuildFile; fileRef = 69E2C03C0FB9DA2900E03C64 /* BBOSCSender.m */; };
		69E2C0580FB9DA4B00E03C64 /* CN2dVect.m in Sources */ = {isa = PBXBuildFile; fileRef = 69E2C0550FB9DA4B00E03C64 /* CN2dVect.m */; };
		69E2C0600FB9DA5700E03C64 /* CNOscMessageDispatcher.m in Sources */ = {isa = PBXBuildFile; fileRef = 69E2C05B0FB9DA5700E03C64 /* CNOscMessageDispatcher.m */; };
		69E2C0610FB9DA5700E03C64 /* CNTuioCursor.m in Sources */ = {isa = PBXBuildFile; fileRef = 69E2C05D0FB9DA5700E03C64 /* CNTuioCursor.m */; };
		69E2C0620FB9DA5700E03C64 /* CNTuioDispatcher.m in Sources */ = {isa = PBXBuildFile; fileRef = 69E2C05F0FB9DA5700E03C64 /* CNTuioDispatcher.m */; };
		69E2C07A0FB9DA6F00E03C64 /* CN1FingerRotate.m in Sources */ = {isa = PBXBuildFile; fileRef = 69E2C0650FB9DA6F00E03C64 /* CN1FingerRotate.m */; };
		69E2C07B0FB9DA6F00E03C64 /* CN2FingerRotate.m in Sources */ = {isa = PBXBuildFile; fileRef = 69E2C0670FB9DA6F00E03C64 /* CN2FingerRotate.m */; };
		69E2C07C0FB9DA6F00E03C64 /* CN2FingerScale.m in Sources */ = {isa = PBXBuildFile; fileRef = 69E2C0690FB9DA6F00E03C64 /* CN2FingerScale.m */; };
		69E2C07D0FB9DA6F00E03C64 /* CNGesture.m in Sources */ = {isa = PBXBuildFile; fileRef = 69E2C06B0FB9DA6F00E03C64 /* CNGesture.m */; };
		69E2C07E0FB9DA6F00E03C64 /* CNGestureFactory.m in Sources */ = {isa = PBXBuildFile; fileRef = 69E2C06D0FB9DA6F00E03C64 /* CNGestureFactory.m */; };
		69E2C07F0FB9DA6F00E03C64 /* CNHold.m in Sources */ = {isa = PBXBuildFile; fileRef = 69E2C06F0FB9DA6F00E03C64 /* CNHold.m */; };
		69E2C0800FB9DA6F00E03C64 /* CNMove.m in Sources */ = {isa = PBXBuildFile; fileRef = 69E2C0710FB9DA6F00E03C64 /* CNMove.m */; };
		69E2C0810FB9DA6F00E03C64 /* CNPress.m in Sources */ = {isa = PBXBuildFile; fileRef = 69E2C0730FB9DA6F00E03C64 /* CNPress.m */; };
		69E2C0820FB9DA6F00E03C64 /* CNRelease.m in Sources */ = {isa = PBXBuildFile; fileRef = 69E2C0750FB9DA6F00E03C64 /* CNRelease.m */; };
		69E2C0830FB9DA6F00E03C64 /* CNTap.m in Sources */ = {isa = PBXBuildFile; fileRef = 69E2C0770FB9DA6F00E03C64 /* CNTap.m */; };
		69E2C0840FB9DA6F00E03C64 /* CNUpdate.m in Sources */ = {isa = PBXBuildFile; fileRef = 69E2C0790FB9DA6F00E03C64 /* CNUpdate.m */; };
		69E2C08C0FB9DA8B00E03C64 /* CNLayer.m in Sources */ = {isa = PBXBuildFile; fileRef = 69E2C0870FB9DA8B00E03C64 /* CNLayer.m */; };
		69E2C08D0FB9DA8B00E03C64 /* CNLayerModifier.m in Sources */ = {isa = PBXBuildFile; fileRef = 69E2C0890FB9DA8B00E03C64 /* CNLayerModifier.m */; };
		69E2C08E0FB9DA8B00E03C64 /* CNView.m in Sources */ = {isa = PBXBuildFile; fileRef = 69E2C08B0FB9DA8B00E03C64 /* CNView.m */; };
		69E2C09A0FB9DA9A00E03C64 /* CNEvent.m in Sources */ = {isa = PBXBuildFile; fileRef = 69E2C0910FB9DA9A00E03C64 /* CNEvent.m */; };
		69E2C09B0FB9DA9A00E03C64 /* CNEventDispatcher.m in Sources */ = {isa = PBXBuildFile; fileRef = 69E2C0930FB9DA9A00E03C64 /* CNEventDispatcher.m */; };
		69E2C09C0FB9DA9A00E03C64 /* CNPathElement.m in Sources */ = {isa = PBXBuildFile; fileRef = 69E2C0950FB9DA9A00E03C64 /* CNPathElement.m */; };
		69E2C09D0FB9DA9A00E03C64 /* CNStroke.m in Sources */ = {isa = PBXBuildFile; fileRef = 69E2C0970FB9DA9A00E03C64 /* CNStroke.m */; };
		69E2C09E0FB9DA9A00E03C64 /* CNTouch.m in Sources */ = {isa = PBXBuildFile; fileRef = 69E2C0990FB9DA9A00E03C64 /* CNTouch.m */; };
		69E2C0B10FB9DDD500E03C64 /* QuartzCore.framework in Frameworks */ = {isa = PBXBuildFile; fileRef = 69E2C0B00FB9DDD500E03C64 /* QuartzCore.framework */; };
		69E2C1230FBA2FA300E03C64 /* CNAppController.m in Sources */ = {isa = PBXBuildFile; fileRef = 69E2C1220FBA2FA300E03C64 /* CNAppController.m */; };
		8D11072B0486CEB800E47090 /* InfoPlist.strings in Resources */ = {isa = PBXBuildFile; fileRef = 089C165CFE840E0CC02AAC07 /* InfoPlist.strings */; };
		8D11072D0486CEB800E47090 /* main.m in Sources */ = {isa = PBXBuildFile; fileRef = 29B97316FDCFA39411CA2CEA /* main.m */; settings = {ATTRIBUTES = (); }; };
		8D11072F0486CEB800E47090 /* Cocoa.framework in Frameworks */ = {isa = PBXBuildFile; fileRef = 1058C7A1FEA54F0111CA2CBB /* Cocoa.framework */; };
		B302F1E60FBAFB0400BAAF55 /* CNDebugView.m in Sources */ = {isa = PBXBuildFile; fileRef = B302F1E50FBAFB0400BAAF55 /* CNDebugView.m */; };
		B302F1F40FBAFB7300BAAF55 /* CNCircleLayer.m in Sources */ = {isa = PBXBuildFile; fileRef = B302F1E90FBAFB7300BAAF55 /* CNCircleLayer.m */; };
		B302F1F50FBAFB7300BAAF55 /* CNCursorLayer.m in Sources */ = {isa = PBXBuildFile; fileRef = B302F1EB0FBAFB7300BAAF55 /* CNCursorLayer.m */; };
		B302F1F60FBAFB7300BAAF55 /* CNDebug.m in Sources */ = {isa = PBXBuildFile; fileRef = B302F1ED0FBAFB7300BAAF55 /* CNDebug.m */; };
		B302F1F70FBAFB7300BAAF55 /* CNDebugLayer.m in Sources */ = {isa = PBXBuildFile; fileRef = B302F1EF0FBAFB7300BAAF55 /* CNDebugLayer.m */; };
		B302F1F80FBAFB7300BAAF55 /* CNLightLayer.m in Sources */ = {isa = PBXBuildFile; fileRef = B302F1F10FBAFB7300BAAF55 /* CNLightLayer.m */; };
		B302F1F90FBAFB7300BAAF55 /* CNStatusbarLayer.m in Sources */ = {isa = PBXBuildFile; fileRef = B302F1F30FBAFB7300BAAF55 /* CNStatusbarLayer.m */; };
		B302F1FD0FBAFBA400BAAF55 /* CNUntouchableLayer.m in Sources */ = {isa = PBXBuildFile; fileRef = B302F1FC0FBAFBA400BAAF55 /* CNUntouchableLayer.m */; };
		B302F2030FBAFCC000BAAF55 /* CNSetupWinController.m in Sources */ = {isa = PBXBuildFile; fileRef = B302F2020FBAFCC000BAAF55 /* CNSetupWinController.m */; };
		B302F2090FBAFCFF00BAAF55 /* einstein.jpg in Resources */ = {isa = PBXBuildFile; fileRef = B302F2070FBAFCFF00BAAF55 /* einstein.jpg */; };
		B302F20A0FBAFCFF00BAAF55 /* john.jpg in Resources */ = {isa = PBXBuildFile; fileRef = B302F2080FBAFCFF00BAAF55 /* john.jpg */; };
		B302F2450FBAFFA800BAAF55 /* Coconut.icns in Resources */ = {isa = PBXBuildFile; fileRef = B302F2440FBAFFA800BAAF55 /* Coconut.icns */; };
		E340B7F00FC2AA8100BFDDDD /* CocoNuitConfig.xml in Resources */ = {isa = PBXBuildFile; fileRef = E340B7EF0FC2AA8100BFDDDD /* CocoNuitConfig.xml */; };
/* End PBXBuildFile section */

/* Begin PBXFileReference section */
		089C165DFE840E0CC02AAC07 /* English */ = {isa = PBXFileReference; fileEncoding = 10; lastKnownFileType = text.plist.strings; name = English; path = English.lproj/InfoPlist.strings; sourceTree = "<group>"; };
		1058C7A1FEA54F0111CA2CBB /* Cocoa.framework */ = {isa = PBXFileReference; lastKnownFileType = wrapper.framework; name = Cocoa.framework; path = /System/Library/Frameworks/Cocoa.framework; sourceTree = "<absolute>"; };
		13E42FB307B3F0F600E4EEF1 /* CoreData.framework */ = {isa = PBXFileReference; lastKnownFileType = wrapper.framework; name = CoreData.framework; path = /System/Library/Frameworks/CoreData.framework; sourceTree = "<absolute>"; };
		1DDD58150DA1D0A300B32029 /* English */ = {isa = PBXFileReference; lastKnownFileType = file.xib; name = English; path = English.lproj/MainMenu.xib; sourceTree = "<group>"; };
		29B97316FDCFA39411CA2CEA /* main.m */ = {isa = PBXFileReference; fileEncoding = 4; lastKnownFileType = sourcecode.c.objc; path = main.m; sourceTree = "<group>"; };
		29B97324FDCFA39411CA2CEA /* AppKit.framework */ = {isa = PBXFileReference; lastKnownFileType = wrapper.framework; name = AppKit.framework; path = /System/Library/Frameworks/AppKit.framework; sourceTree = "<absolute>"; };
		29B97325FDCFA39411CA2CEA /* Foundation.framework */ = {isa = PBXFileReference; lastKnownFileType = wrapper.framework; name = Foundation.framework; path = /System/Library/Frameworks/Foundation.framework; sourceTree = "<absolute>"; };
		32CA4F630368D1EE00C91783 /* CocoNuitApp_Prefix.pch */ = {isa = PBXFileReference; fileEncoding = 4; lastKnownFileType = sourcecode.c.h; path = CocoNuitApp_Prefix.pch; sourceTree = "<group>"; };
		693435FA0FCEB93100E41022 /* CNTouchGroup.h */ = {isa = PBXFileReference; fileEncoding = 4; lastKnownFileType = sourcecode.c.h; path = CNTouchGroup.h; sourceTree = "<group>"; };
		693435FB0FCEB93100E41022 /* CNTouchGroup.m */ = {isa = PBXFileReference; fileEncoding = 4; lastKnownFileType = sourcecode.c.objc; path = CNTouchGroup.m; sourceTree = "<group>"; };
		693435FC0FCEB93100E41022 /* CNTouchGrouper.h */ = {isa = PBXFileReference; fileEncoding = 4; lastKnownFileType = sourcecode.c.h; path = CNTouchGrouper.h; sourceTree = "<group>"; };
		693435FD0FCEB93100E41022 /* CNTouchGrouper.m */ = {isa = PBXFileReference; fileEncoding = 4; lastKnownFileType = sourcecode.c.objc; path = CNTouchGrouper.m; sourceTree = "<group>"; };
		69372B240FC0313800E6A604 /* CoconuitConfig.h */ = {isa = PBXFileReference; fileEncoding = 4; lastKnownFileType = sourcecode.c.h; path = CoconuitConfig.h; sourceTree = "<group>"; };
		69372B250FC0313800E6A604 /* CoconuitConfig.m */ = {isa = PBXFileReference; fileEncoding = 4; lastKnownFileType = sourcecode.c.objc; path = CoconuitConfig.m; sourceTree = "<group>"; };
		698D1EA70FE693A900F5E2F8 /* CNWheel.h */ = {isa = PBXFileReference; fileEncoding = 4; lastKnownFileType = sourcecode.c.h; path = CNWheel.h; sourceTree = "<group>"; };
		698D1EA80FE693A900F5E2F8 /* CNWheel.m */ = {isa = PBXFileReference; fileEncoding = 4; lastKnownFileType = sourcecode.c.objc; path = CNWheel.m; sourceTree = "<group>"; };
		69E2C0250FB9DA2900E03C64 /* BBAppController.h */ = {isa = PBXFileReference; fileEncoding = 4; lastKnownFileType = sourcecode.c.h; path = BBAppController.h; sourceTree = "<group>"; };
		69E2C0260FB9DA2900E03C64 /* BBAppController.m */ = {isa = PBXFileReference; fileEncoding = 4; lastKnownFileType = sourcecode.c.objc; path = BBAppController.m; sourceTree = "<group>"; };
		69E2C0270FB9DA2900E03C64 /* BBOSC_Prefix.pch */ = {isa = PBXFileReference; fileEncoding = 4; lastKnownFileType = sourcecode.c.h; path = BBOSC_Prefix.pch; sourceTree = "<group>"; };
		69E2C0280FB9DA2900E03C64 /* BBOSCAddress.h */ = {isa = PBXFileReference; fileEncoding = 4; lastKnownFileType = sourcecode.c.h; path = BBOSCAddress.h; sourceTree = "<group>"; };
		69E2C0290FB9DA2900E03C64 /* BBOSCAddress.m */ = {isa = PBXFileReference; fileEncoding = 4; lastKnownFileType = sourcecode.c.objc; path = BBOSCAddress.m; sourceTree = "<group>"; };
		69E2C02A0FB9DA2900E03C64 /* BBOSCArgument.h */ = {isa = PBXFileReference; fileEncoding = 4; lastKnownFileType = sourcecode.c.h; path = BBOSCArgument.h; sourceTree = "<group>"; };
		69E2C02B0FB9DA2900E03C64 /* BBOSCArgument.m */ = {isa = PBXFileReference; fileEncoding = 4; lastKnownFileType = sourcecode.c.objc; path = BBOSCArgument.m; sourceTree = "<group>"; };
		69E2C02C0FB9DA2900E03C64 /* BBOSCBundle.h */ = {isa = PBXFileReference; fileEncoding = 4; lastKnownFileType = sourcecode.c.h; path = BBOSCBundle.h; sourceTree = "<group>"; };
		69E2C02D0FB9DA2900E03C64 /* BBOSCBundle.m */ = {isa = PBXFileReference; fileEncoding = 4; lastKnownFileType = sourcecode.c.objc; path = BBOSCBundle.m; sourceTree = "<group>"; };
		69E2C02E0FB9DA2900E03C64 /* BBOSCCocoa_Prefix.pch */ = {isa = PBXFileReference; fileEncoding = 4; lastKnownFileType = sourcecode.c.h; path = BBOSCCocoa_Prefix.pch; sourceTree = "<group>"; };
		69E2C02F0FB9DA2900E03C64 /* BBOSCDataUtilities.h */ = {isa = PBXFileReference; fileEncoding = 4; lastKnownFileType = sourcecode.c.h; path = BBOSCDataUtilities.h; sourceTree = "<group>"; };
		69E2C0300FB9DA2900E03C64 /* BBOSCDataUtilities.m */ = {isa = PBXFileReference; fileEncoding = 4; lastKnownFileType = sourcecode.c.objc; path = BBOSCDataUtilities.m; sourceTree = "<group>"; };
		69E2C0310FB9DA2900E03C64 /* BBOSCDecoder.h */ = {isa = PBXFileReference; fileEncoding = 4; lastKnownFileType = sourcecode.c.h; path = BBOSCDecoder.h; sourceTree = "<group>"; };
		69E2C0320FB9DA2900E03C64 /* BBOSCDecoder.m */ = {isa = PBXFileReference; fileEncoding = 4; lastKnownFileType = sourcecode.c.objc; path = BBOSCDecoder.m; sourceTree = "<group>"; };
		69E2C0330FB9DA2900E03C64 /* BBOSCDispatcher.h */ = {isa = PBXFileReference; fileEncoding = 4; lastKnownFileType = sourcecode.c.h; path = BBOSCDispatcher.h; sourceTree = "<group>"; };
		69E2C0340FB9DA2900E03C64 /* BBOSCDispatcher.m */ = {isa = PBXFileReference; fileEncoding = 4; lastKnownFileType = sourcecode.c.objc; path = BBOSCDispatcher.m; sourceTree = "<group>"; };
		69E2C0350FB9DA2900E03C64 /* BBOSCListener.h */ = {isa = PBXFileReference; fileEncoding = 4; lastKnownFileType = sourcecode.c.h; path = BBOSCListener.h; sourceTree = "<group>"; };
		69E2C0360FB9DA2900E03C64 /* BBOSCListener.m */ = {isa = PBXFileReference; fileEncoding = 4; lastKnownFileType = sourcecode.c.objc; path = BBOSCListener.m; sourceTree = "<group>"; };
		69E2C0370FB9DA2900E03C64 /* BBOSCMessage.h */ = {isa = PBXFileReference; fileEncoding = 4; lastKnownFileType = sourcecode.c.h; path = BBOSCMessage.h; sourceTree = "<group>"; };
		69E2C0380FB9DA2900E03C64 /* BBOSCMessage.m */ = {isa = PBXFileReference; fileEncoding = 4; lastKnownFileType = sourcecode.c.objc; path = BBOSCMessage.m; sourceTree = "<group>"; };
		69E2C0390FB9DA2900E03C64 /* BBOSCPacket.h */ = {isa = PBXFileReference; fileEncoding = 4; lastKnownFileType = sourcecode.c.h; path = BBOSCPacket.h; sourceTree = "<group>"; };
		69E2C03A0FB9DA2900E03C64 /* BBOSCPacket.m */ = {isa = PBXFileReference; fileEncoding = 4; lastKnownFileType = sourcecode.c.objc; path = BBOSCPacket.m; sourceTree = "<group>"; };
		69E2C03B0FB9DA2900E03C64 /* BBOSCSender.h */ = {isa = PBXFileReference; fileEncoding = 4; lastKnownFileType = sourcecode.c.h; path = BBOSCSender.h; sourceTree = "<group>"; };
		69E2C03C0FB9DA2900E03C64 /* BBOSCSender.m */ = {isa = PBXFileReference; fileEncoding = 4; lastKnownFileType = sourcecode.c.objc; path = BBOSCSender.m; sourceTree = "<group>"; };
		69E2C0540FB9DA4B00E03C64 /* CN2dVect.h */ = {isa = PBXFileReference; fileEncoding = 4; lastKnownFileType = sourcecode.c.h; path = CN2dVect.h; sourceTree = "<group>"; };
		69E2C0550FB9DA4B00E03C64 /* CN2dVect.m */ = {isa = PBXFileReference; fileEncoding = 4; lastKnownFileType = sourcecode.c.objc; path = CN2dVect.m; sourceTree = "<group>"; };
		69E2C0560FB9DA4B00E03C64 /* CNMath.h */ = {isa = PBXFileReference; fileEncoding = 4; lastKnownFileType = sourcecode.c.h; path = CNMath.h; sourceTree = "<group>"; };
		69E2C0570FB9DA4B00E03C64 /* CNObserverProtocol.h */ = {isa = PBXFileReference; fileEncoding = 4; lastKnownFileType = sourcecode.c.h; path = CNObserverProtocol.h; sourceTree = "<group>"; };
		69E2C05A0FB9DA5700E03C64 /* CNOscMessageDispatcher.h */ = {isa = PBXFileReference; fileEncoding = 4; lastKnownFileType = sourcecode.c.h; path = CNOscMessageDispatcher.h; sourceTree = "<group>"; };
		69E2C05B0FB9DA5700E03C64 /* CNOscMessageDispatcher.m */ = {isa = PBXFileReference; fileEncoding = 4; lastKnownFileType = sourcecode.c.objc; path = CNOscMessageDispatcher.m; sourceTree = "<group>"; };
		69E2C05C0FB9DA5700E03C64 /* CNTuioCursor.h */ = {isa = PBXFileReference; fileEncoding = 4; lastKnownFileType = sourcecode.c.h; path = CNTuioCursor.h; sourceTree = "<group>"; };
		69E2C05D0FB9DA5700E03C64 /* CNTuioCursor.m */ = {isa = PBXFileReference; fileEncoding = 4; lastKnownFileType = sourcecode.c.objc; path = CNTuioCursor.m; sourceTree = "<group>"; };
		69E2C05E0FB9DA5700E03C64 /* CNTuioDispatcher.h */ = {isa = PBXFileReference; fileEncoding = 4; lastKnownFileType = sourcecode.c.h; path = CNTuioDispatcher.h; sourceTree = "<group>"; };
		69E2C05F0FB9DA5700E03C64 /* CNTuioDispatcher.m */ = {isa = PBXFileReference; fileEncoding = 4; lastKnownFileType = sourcecode.c.objc; path = CNTuioDispatcher.m; sourceTree = "<group>"; };
		69E2C0640FB9DA6F00E03C64 /* CN1FingerRotate.h */ = {isa = PBXFileReference; fileEncoding = 4; lastKnownFileType = sourcecode.c.h; path = CN1FingerRotate.h; sourceTree = "<group>"; };
		69E2C0650FB9DA6F00E03C64 /* CN1FingerRotate.m */ = {isa = PBXFileReference; fileEncoding = 4; lastKnownFileType = sourcecode.c.objc; path = CN1FingerRotate.m; sourceTree = "<group>"; };
		69E2C0660FB9DA6F00E03C64 /* CN2FingerRotate.h */ = {isa = PBXFileReference; fileEncoding = 4; lastKnownFileType = sourcecode.c.h; path = CN2FingerRotate.h; sourceTree = "<group>"; };
		69E2C0670FB9DA6F00E03C64 /* CN2FingerRotate.m */ = {isa = PBXFileReference; fileEncoding = 4; lastKnownFileType = sourcecode.c.objc; path = CN2FingerRotate.m; sourceTree = "<group>"; };
		69E2C0680FB9DA6F00E03C64 /* CN2FingerScale.h */ = {isa = PBXFileReference; fileEncoding = 4; lastKnownFileType = sourcecode.c.h; path = CN2FingerScale.h; sourceTree = "<group>"; };
		69E2C0690FB9DA6F00E03C64 /* CN2FingerScale.m */ = {isa = PBXFileReference; fileEncoding = 4; lastKnownFileType = sourcecode.c.objc; path = CN2FingerScale.m; sourceTree = "<group>"; };
		69E2C06A0FB9DA6F00E03C64 /* CNGesture.h */ = {isa = PBXFileReference; fileEncoding = 4; lastKnownFileType = sourcecode.c.h; path = CNGesture.h; sourceTree = "<group>"; };
		69E2C06B0FB9DA6F00E03C64 /* CNGesture.m */ = {isa = PBXFileReference; fileEncoding = 4; lastKnownFileType = sourcecode.c.objc; path = CNGesture.m; sourceTree = "<group>"; };
		69E2C06C0FB9DA6F00E03C64 /* CNGestureFactory.h */ = {isa = PBXFileReference; fileEncoding = 4; lastKnownFileType = sourcecode.c.h; path = CNGestureFactory.h; sourceTree = "<group>"; };
		69E2C06D0FB9DA6F00E03C64 /* CNGestureFactory.m */ = {isa = PBXFileReference; fileEncoding = 4; lastKnownFileType = sourcecode.c.objc; path = CNGestureFactory.m; sourceTree = "<group>"; };
		69E2C06E0FB9DA6F00E03C64 /* CNHold.h */ = {isa = PBXFileReference; fileEncoding = 4; lastKnownFileType = sourcecode.c.h; path = CNHold.h; sourceTree = "<group>"; };
		69E2C06F0FB9DA6F00E03C64 /* CNHold.m */ = {isa = PBXFileReference; fileEncoding = 4; lastKnownFileType = sourcecode.c.objc; path = CNHold.m; sourceTree = "<group>"; };
		69E2C0700FB9DA6F00E03C64 /* CNMove.h */ = {isa = PBXFileReference; fileEncoding = 4; lastKnownFileType = sourcecode.c.h; path = CNMove.h; sourceTree = "<group>"; };
		69E2C0710FB9DA6F00E03C64 /* CNMove.m */ = {isa = PBXFileReference; fileEncoding = 4; lastKnownFileType = sourcecode.c.objc; path = CNMove.m; sourceTree = "<group>"; };
		69E2C0720FB9DA6F00E03C64 /* CNPress.h */ = {isa = PBXFileReference; fileEncoding = 4; lastKnownFileType = sourcecode.c.h; path = CNPress.h; sourceTree = "<group>"; };
		69E2C0730FB9DA6F00E03C64 /* CNPress.m */ = {isa = PBXFileReference; fileEncoding = 4; lastKnownFileType = sourcecode.c.objc; path = CNPress.m; sourceTree = "<group>"; };
		69E2C0740FB9DA6F00E03C64 /* CNRelease.h */ = {isa = PBXFileReference; fileEncoding = 4; lastKnownFileType = sourcecode.c.h; path = CNRelease.h; sourceTree = "<group>"; };
		69E2C0750FB9DA6F00E03C64 /* CNRelease.m */ = {isa = PBXFileReference; fileEncoding = 4; lastKnownFileType = sourcecode.c.objc; path = CNRelease.m; sourceTree = "<group>"; };
		69E2C0760FB9DA6F00E03C64 /* CNTap.h */ = {isa = PBXFileReference; fileEncoding = 4; lastKnownFileType = sourcecode.c.h; path = CNTap.h; sourceTree = "<group>"; };
		69E2C0770FB9DA6F00E03C64 /* CNTap.m */ = {isa = PBXFileReference; fileEncoding = 4; lastKnownFileType = sourcecode.c.objc; path = CNTap.m; sourceTree = "<group>"; };
		69E2C0780FB9DA6F00E03C64 /* CNUpdate.h */ = {isa = PBXFileReference; fileEncoding = 4; lastKnownFileType = sourcecode.c.h; path = CNUpdate.h; sourceTree = "<group>"; };
		69E2C0790FB9DA6F00E03C64 /* CNUpdate.m */ = {isa = PBXFileReference; fileEncoding = 4; lastKnownFileType = sourcecode.c.objc; path = CNUpdate.m; sourceTree = "<group>"; };
		69E2C0860FB9DA8B00E03C64 /* CNLayer.h */ = {isa = PBXFileReference; fileEncoding = 4; lastKnownFileType = sourcecode.c.h; path = CNLayer.h; sourceTree = "<group>"; };
		69E2C0870FB9DA8B00E03C64 /* CNLayer.m */ = {isa = PBXFileReference; fileEncoding = 4; lastKnownFileType = sourcecode.c.objc; path = CNLayer.m; sourceTree = "<group>"; };
		69E2C0880FB9DA8B00E03C64 /* CNLayerModifier.h */ = {isa = PBXFileReference; fileEncoding = 4; lastKnownFileType = sourcecode.c.h; path = CNLayerModifier.h; sourceTree = "<group>"; };
		69E2C0890FB9DA8B00E03C64 /* CNLayerModifier.m */ = {isa = PBXFileReference; fileEncoding = 4; lastKnownFileType = sourcecode.c.objc; path = CNLayerModifier.m; sourceTree = "<group>"; };
		69E2C08A0FB9DA8B00E03C64 /* CNView.h */ = {isa = PBXFileReference; fileEncoding = 4; lastKnownFileType = sourcecode.c.h; path = CNView.h; sourceTree = "<group>"; };
		69E2C08B0FB9DA8B00E03C64 /* CNView.m */ = {isa = PBXFileReference; fileEncoding = 4; lastKnownFileType = sourcecode.c.objc; path = CNView.m; sourceTree = "<group>"; };
		69E2C0900FB9DA9A00E03C64 /* CNEvent.h */ = {isa = PBXFileReference; fileEncoding = 4; lastKnownFileType = sourcecode.c.h; path = CNEvent.h; sourceTree = "<group>"; };
		69E2C0910FB9DA9A00E03C64 /* CNEvent.m */ = {isa = PBXFileReference; fileEncoding = 4; lastKnownFileType = sourcecode.c.objc; path = CNEvent.m; sourceTree = "<group>"; };
		69E2C0920FB9DA9A00E03C64 /* CNEventDispatcher.h */ = {isa = PBXFileReference; fileEncoding = 4; lastKnownFileType = sourcecode.c.h; path = CNEventDispatcher.h; sourceTree = "<group>"; };
		69E2C0930FB9DA9A00E03C64 /* CNEventDispatcher.m */ = {isa = PBXFileReference; fileEncoding = 4; lastKnownFileType = sourcecode.c.objc; path = CNEventDispatcher.m; sourceTree = "<group>"; };
		69E2C0940FB9DA9A00E03C64 /* CNPathElement.h */ = {isa = PBXFileReference; fileEncoding = 4; lastKnownFileType = sourcecode.c.h; path = CNPathElement.h; sourceTree = "<group>"; };
		69E2C0950FB9DA9A00E03C64 /* CNPathElement.m */ = {isa = PBXFileReference; fileEncoding = 4; lastKnownFileType = sourcecode.c.objc; path = CNPathElement.m; sourceTree = "<group>"; };
		69E2C0960FB9DA9A00E03C64 /* CNStroke.h */ = {isa = PBXFileReference; fileEncoding = 4; lastKnownFileType = sourcecode.c.h; path = CNStroke.h; sourceTree = "<group>"; };
		69E2C0970FB9DA9A00E03C64 /* CNStroke.m */ = {isa = PBXFileReference; fileEncoding = 4; lastKnownFileType = sourcecode.c.objc; path = CNStroke.m; sourceTree = "<group>"; };
		69E2C0980FB9DA9A00E03C64 /* CNTouch.h */ = {isa = PBXFileReference; fileEncoding = 4; lastKnownFileType = sourcecode.c.h; path = CNTouch.h; sourceTree = "<group>"; };
		69E2C0990FB9DA9A00E03C64 /* CNTouch.m */ = {isa = PBXFileReference; fileEncoding = 4; lastKnownFileType = sourcecode.c.objc; path = CNTouch.m; sourceTree = "<group>"; };
		69E2C0B00FB9DDD500E03C64 /* QuartzCore.framework */ = {isa = PBXFileReference; lastKnownFileType = wrapper.framework; name = QuartzCore.framework; path = /System/Library/Frameworks/QuartzCore.framework; sourceTree = "<absolute>"; };
		69E2C1210FBA2FA300E03C64 /* CNAppController.h */ = {isa = PBXFileReference; fileEncoding = 4; lastKnownFileType = sourcecode.c.h; path = CNAppController.h; sourceTree = "<group>"; };
		69E2C1220FBA2FA300E03C64 /* CNAppController.m */ = {isa = PBXFileReference; fileEncoding = 4; lastKnownFileType = sourcecode.c.objc; path = CNAppController.m; sourceTree = "<group>"; };
		8D1107310486CEB800E47090 /* Info.plist */ = {isa = PBXFileReference; fileEncoding = 4; lastKnownFileType = text.plist.xml; path = Info.plist; sourceTree = "<group>"; };
		8D1107320486CEB800E47090 /* CocoNuitApp.app */ = {isa = PBXFileReference; explicitFileType = wrapper.application; includeInIndex = 0; path = CocoNuitApp.app; sourceTree = BUILT_PRODUCTS_DIR; };
		B302F1E40FBAFB0400BAAF55 /* CNDebugView.h */ = {isa = PBXFileReference; fileEncoding = 4; lastKnownFileType = sourcecode.c.h; path = CNDebugView.h; sourceTree = SOURCE_ROOT; };
		B302F1E50FBAFB0400BAAF55 /* CNDebugView.m */ = {isa = PBXFileReference; fileEncoding = 4; lastKnownFileType = sourcecode.c.objc; path = CNDebugView.m; sourceTree = SOURCE_ROOT; };
		B302F1E80FBAFB7300BAAF55 /* CNCircleLayer.h */ = {isa = PBXFileReference; fileEncoding = 4; lastKnownFileType = sourcecode.c.h; path = CNCircleLayer.h; sourceTree = SOURCE_ROOT; };
		B302F1E90FBAFB7300BAAF55 /* CNCircleLayer.m */ = {isa = PBXFileReference; fileEncoding = 4; lastKnownFileType = sourcecode.c.objc; path = CNCircleLayer.m; sourceTree = SOURCE_ROOT; };
		B302F1EA0FBAFB7300BAAF55 /* CNCursorLayer.h */ = {isa = PBXFileReference; fileEncoding = 4; lastKnownFileType = sourcecode.c.h; path = CNCursorLayer.h; sourceTree = SOURCE_ROOT; };
		B302F1EB0FBAFB7300BAAF55 /* CNCursorLayer.m */ = {isa = PBXFileReference; fileEncoding = 4; lastKnownFileType = sourcecode.c.objc; path = CNCursorLayer.m; sourceTree = SOURCE_ROOT; };
		B302F1EC0FBAFB7300BAAF55 /* CNDebug.h */ = {isa = PBXFileReference; fileEncoding = 4; lastKnownFileType = sourcecode.c.h; path = CNDebug.h; sourceTree = SOURCE_ROOT; };
		B302F1ED0FBAFB7300BAAF55 /* CNDebug.m */ = {isa = PBXFileReference; fileEncoding = 4; lastKnownFileType = sourcecode.c.objc; path = CNDebug.m; sourceTree = SOURCE_ROOT; };
		B302F1EE0FBAFB7300BAAF55 /* CNDebugLayer.h */ = {isa = PBXFileReference; fileEncoding = 4; lastKnownFileType = sourcecode.c.h; path = CNDebugLayer.h; sourceTree = SOURCE_ROOT; };
		B302F1EF0FBAFB7300BAAF55 /* CNDebugLayer.m */ = {isa = PBXFileReference; fileEncoding = 4; lastKnownFileType = sourcecode.c.objc; path = CNDebugLayer.m; sourceTree = SOURCE_ROOT; };
		B302F1F00FBAFB7300BAAF55 /* CNLightLayer.h */ = {isa = PBXFileReference; fileEncoding = 4; lastKnownFileType = sourcecode.c.h; path = CNLightLayer.h; sourceTree = SOURCE_ROOT; };
		B302F1F10FBAFB7300BAAF55 /* CNLightLayer.m */ = {isa = PBXFileReference; fileEncoding = 4; lastKnownFileType = sourcecode.c.objc; path = CNLightLayer.m; sourceTree = SOURCE_ROOT; };
		B302F1F20FBAFB7300BAAF55 /* CNStatusbarLayer.h */ = {isa = PBXFileReference; fileEncoding = 4; lastKnownFileType = sourcecode.c.h; path = CNStatusbarLayer.h; sourceTree = SOURCE_ROOT; };
		B302F1F30FBAFB7300BAAF55 /* CNStatusbarLayer.m */ = {isa = PBXFileReference; fileEncoding = 4; lastKnownFileType = sourcecode.c.objc; path = CNStatusbarLayer.m; sourceTree = SOURCE_ROOT; };
		B302F1FB0FBAFBA400BAAF55 /* CNUntouchableLayer.h */ = {isa = PBXFileReference; fileEncoding = 4; lastKnownFileType = sourcecode.c.h; path = CNUntouchableLayer.h; sourceTree = SOURCE_ROOT; };
		B302F1FC0FBAFBA400BAAF55 /* CNUntouchableLayer.m */ = {isa = PBXFileReference; fileEncoding = 4; lastKnownFileType = sourcecode.c.objc; path = CNUntouchableLayer.m; sourceTree = SOURCE_ROOT; };
		B302F2010FBAFCC000BAAF55 /* CNSetupWinController.h */ = {isa = PBXFileReference; fileEncoding = 4; lastKnownFileType = sourcecode.c.h; path = CNSetupWinController.h; sourceTree = "<group>"; };
		B302F2020FBAFCC000BAAF55 /* CNSetupWinController.m */ = {isa = PBXFileReference; fileEncoding = 4; lastKnownFileType = sourcecode.c.objc; path = CNSetupWinController.m; sourceTree = "<group>"; };
		B302F2070FBAFCFF00BAAF55 /* einstein.jpg */ = {isa = PBXFileReference; lastKnownFileType = image.jpeg; path = einstein.jpg; sourceTree = "<group>"; };
		B302F2080FBAFCFF00BAAF55 /* john.jpg */ = {isa = PBXFileReference; lastKnownFileType = image.jpeg; path = john.jpg; sourceTree = "<group>"; };
		B302F2440FBAFFA800BAAF55 /* Coconut.icns */ = {isa = PBXFileReference; lastKnownFileType = image.icns; path = Coconut.icns; sourceTree = "<group>"; };
		E340B7EF0FC2AA8100BFDDDD /* CocoNuitConfig.xml */ = {isa = PBXFileReference; fileEncoding = 4; lastKnownFileType = text.xml; name = CocoNuitConfig.xml; path = ../CocoNuitApp/build/Debug/CocoNuitConfig.xml; sourceTree = "<group>"; };
/* End PBXFileReference section */

/* Begin PBXFrameworksBuildPhase section */
		8D11072E0486CEB800E47090 /* Frameworks */ = {
			isa = PBXFrameworksBuildPhase;
			buildActionMask = 2147483647;
			files = (
				8D11072F0486CEB800E47090 /* Cocoa.framework in Frameworks */,
				69E2C0B10FB9DDD500E03C64 /* QuartzCore.framework in Frameworks */,
			);
			runOnlyForDeploymentPostprocessing = 0;
		};
/* End PBXFrameworksBuildPhase section */

/* Begin PBXGroup section */
		080E96DDFE201D6D7F000001 /* Classes */ = {
			isa = PBXGroup;
			children = (
				69372B230FC0313800E6A604 /* config */,
				B302F2010FBAFCC000BAAF55 /* CNSetupWinController.h */,
				B302F2020FBAFCC000BAAF55 /* CNSetupWinController.m */,
				69E2C1210FBA2FA300E03C64 /* CNAppController.h */,
				69E2C1220FBA2FA300E03C64 /* CNAppController.m */,
				69E2C08F0FB9DA9A00E03C64 /* eventmanagement */,
				69E2C0850FB9DA8B00E03C64 /* graphics */,
				69E2C0630FB9DA6F00E03C64 /* gesturerecognition */,
				69E2C0590FB9DA5700E03C64 /* tuioengine */,
				69E2C0530FB9DA4B00E03C64 /* utils */,
				69E2C0240FB9DA2900E03C64 /* BBosc */,
			);
			name = Classes;
			sourceTree = "<group>";
		};
		1058C7A0FEA54F0111CA2CBB /* Linked Frameworks */ = {
			isa = PBXGroup;
			children = (
				69E2C0B00FB9DDD500E03C64 /* QuartzCore.framework */,
				1058C7A1FEA54F0111CA2CBB /* Cocoa.framework */,
			);
			name = "Linked Frameworks";
			sourceTree = "<group>";
		};
		1058C7A2FEA54F0111CA2CBB /* Other Frameworks */ = {
			isa = PBXGroup;
			children = (
				29B97324FDCFA39411CA2CEA /* AppKit.framework */,
				13E42FB307B3F0F600E4EEF1 /* CoreData.framework */,
				29B97325FDCFA39411CA2CEA /* Foundation.framework */,
			);
			name = "Other Frameworks";
			sourceTree = "<group>";
		};
		19C28FACFE9D520D11CA2CBB /* Products */ = {
			isa = PBXGroup;
			children = (
				8D1107320486CEB800E47090 /* CocoNuitApp.app */,
			);
			name = Products;
			sourceTree = "<group>";
		};
		29B97314FDCFA39411CA2CEA /* CocoNuitApp */ = {
			isa = PBXGroup;
			children = (
				080E96DDFE201D6D7F000001 /* Classes */,
				29B97315FDCFA39411CA2CEA /* Other Sources */,
				29B97317FDCFA39411CA2CEA /* Resources */,
				29B97323FDCFA39411CA2CEA /* Frameworks */,
				19C28FACFE9D520D11CA2CBB /* Products */,
			);
			name = CocoNuitApp;
			sourceTree = "<group>";
		};
		29B97315FDCFA39411CA2CEA /* Other Sources */ = {
			isa = PBXGroup;
			children = (
				32CA4F630368D1EE00C91783 /* CocoNuitApp_Prefix.pch */,
				29B97316FDCFA39411CA2CEA /* main.m */,
			);
			name = "Other Sources";
			sourceTree = "<group>";
		};
		29B97317FDCFA39411CA2CEA /* Resources */ = {
			isa = PBXGroup;
			children = (
				B302F2440FBAFFA800BAAF55 /* Coconut.icns */,
				B302F2070FBAFCFF00BAAF55 /* einstein.jpg */,
				B302F2080FBAFCFF00BAAF55 /* john.jpg */,
				8D1107310486CEB800E47090 /* Info.plist */,
				089C165CFE840E0CC02AAC07 /* InfoPlist.strings */,
				1DDD58140DA1D0A300B32029 /* MainMenu.xib */,
			);
			name = Resources;
			sourceTree = "<group>";
		};
		29B97323FDCFA39411CA2CEA /* Frameworks */ = {
			isa = PBXGroup;
			children = (
				1058C7A0FEA54F0111CA2CBB /* Linked Frameworks */,
				1058C7A2FEA54F0111CA2CBB /* Other Frameworks */,
			);
			name = Frameworks;
			sourceTree = "<group>";
		};
		69372B230FC0313800E6A604 /* config */ = {
			isa = PBXGroup;
			children = (
				E340B7EF0FC2AA8100BFDDDD /* CocoNuitConfig.xml */,
				69372B240FC0313800E6A604 /* CoconuitConfig.h */,
				69372B250FC0313800E6A604 /* CoconuitConfig.m */,
			);
			name = config;
			path = ../config;
			sourceTree = SOURCE_ROOT;
		};
		69E2C0240FB9DA2900E03C64 /* BBosc */ = {
			isa = PBXGroup;
			children = (
				69E2C0250FB9DA2900E03C64 /* BBAppController.h */,
				69E2C0260FB9DA2900E03C64 /* BBAppController.m */,
				69E2C0270FB9DA2900E03C64 /* BBOSC_Prefix.pch */,
				69E2C0280FB9DA2900E03C64 /* BBOSCAddress.h */,
				69E2C0290FB9DA2900E03C64 /* BBOSCAddress.m */,
				69E2C02A0FB9DA2900E03C64 /* BBOSCArgument.h */,
				69E2C02B0FB9DA2900E03C64 /* BBOSCArgument.m */,
				69E2C02C0FB9DA2900E03C64 /* BBOSCBundle.h */,
				69E2C02D0FB9DA2900E03C64 /* BBOSCBundle.m */,
				69E2C02E0FB9DA2900E03C64 /* BBOSCCocoa_Prefix.pch */,
				69E2C02F0FB9DA2900E03C64 /* BBOSCDataUtilities.h */,
				69E2C0300FB9DA2900E03C64 /* BBOSCDataUtilities.m */,
				69E2C0310FB9DA2900E03C64 /* BBOSCDecoder.h */,
				69E2C0320FB9DA2900E03C64 /* BBOSCDecoder.m */,
				69E2C0330FB9DA2900E03C64 /* BBOSCDispatcher.h */,
				69E2C0340FB9DA2900E03C64 /* BBOSCDispatcher.m */,
				69E2C0350FB9DA2900E03C64 /* BBOSCListener.h */,
				69E2C0360FB9DA2900E03C64 /* BBOSCListener.m */,
				69E2C0370FB9DA2900E03C64 /* BBOSCMessage.h */,
				69E2C0380FB9DA2900E03C64 /* BBOSCMessage.m */,
				69E2C0390FB9DA2900E03C64 /* BBOSCPacket.h */,
				69E2C03A0FB9DA2900E03C64 /* BBOSCPacket.m */,
				69E2C03B0FB9DA2900E03C64 /* BBOSCSender.h */,
				69E2C03C0FB9DA2900E03C64 /* BBOSCSender.m */,
			);
			name = BBosc;
			path = ../BBosc;
			sourceTree = SOURCE_ROOT;
		};
		69E2C0530FB9DA4B00E03C64 /* utils */ = {
			isa = PBXGroup;
			children = (
				69E2C0540FB9DA4B00E03C64 /* CN2dVect.h */,
				69E2C0550FB9DA4B00E03C64 /* CN2dVect.m */,
				69E2C0560FB9DA4B00E03C64 /* CNMath.h */,
				69E2C0570FB9DA4B00E03C64 /* CNObserverProtocol.h */,
			);
			name = utils;
			path = ../utils;
			sourceTree = SOURCE_ROOT;
		};
		69E2C0590FB9DA5700E03C64 /* tuioengine */ = {
			isa = PBXGroup;
			children = (
				69E2C05A0FB9DA5700E03C64 /* CNOscMessageDispatcher.h */,
				69E2C05B0FB9DA5700E03C64 /* CNOscMessageDispatcher.m */,
				69E2C05C0FB9DA5700E03C64 /* CNTuioCursor.h */,
				69E2C05D0FB9DA5700E03C64 /* CNTuioCursor.m */,
				69E2C05E0FB9DA5700E03C64 /* CNTuioDispatcher.h */,
				69E2C05F0FB9DA5700E03C64 /* CNTuioDispatcher.m */,
			);
			name = tuioengine;
			path = ../tuioengine;
			sourceTree = SOURCE_ROOT;
		};
		69E2C0630FB9DA6F00E03C64 /* gesturerecognition */ = {
			isa = PBXGroup;
			children = (
				693435FA0FCEB93100E41022 /* CNTouchGroup.h */,
				693435FB0FCEB93100E41022 /* CNTouchGroup.m */,
				693435FC0FCEB93100E41022 /* CNTouchGrouper.h */,
				693435FD0FCEB93100E41022 /* CNTouchGrouper.m */,
				69E2C0640FB9DA6F00E03C64 /* CN1FingerRotate.h */,
				69E2C0650FB9DA6F00E03C64 /* CN1FingerRotate.m */,
				69E2C0660FB9DA6F00E03C64 /* CN2FingerRotate.h */,
				69E2C0670FB9DA6F00E03C64 /* CN2FingerRotate.m */,
				69E2C0680FB9DA6F00E03C64 /* CN2FingerScale.h */,
				69E2C0690FB9DA6F00E03C64 /* CN2FingerScale.m */,
				69E2C06A0FB9DA6F00E03C64 /* CNGesture.h */,
				69E2C06B0FB9DA6F00E03C64 /* CNGesture.m */,
				69E2C06C0FB9DA6F00E03C64 /* CNGestureFactory.h */,
				69E2C06D0FB9DA6F00E03C64 /* CNGestureFactory.m */,
				69E2C06E0FB9DA6F00E03C64 /* CNHold.h */,
				69E2C06F0FB9DA6F00E03C64 /* CNHold.m */,
				69E2C0700FB9DA6F00E03C64 /* CNMove.h */,
				69E2C0710FB9DA6F00E03C64 /* CNMove.m */,
				69E2C0720FB9DA6F00E03C64 /* CNPress.h */,
				69E2C0730FB9DA6F00E03C64 /* CNPress.m */,
				69E2C0740FB9DA6F00E03C64 /* CNRelease.h */,
				69E2C0750FB9DA6F00E03C64 /* CNRelease.m */,
				69E2C0760FB9DA6F00E03C64 /* CNTap.h */,
				69E2C0770FB9DA6F00E03C64 /* CNTap.m */,
				69E2C0780FB9DA6F00E03C64 /* CNUpdate.h */,
				69E2C0790FB9DA6F00E03C64 /* CNUpdate.m */,
			);
			name = gesturerecognition;
			path = ../gesturerecognition;
			sourceTree = SOURCE_ROOT;
		};
		69E2C0850FB9DA8B00E03C64 /* graphics */ = {
			isa = PBXGroup;
			children = (
				698D1EA70FE693A900F5E2F8 /* CNWheel.h */,
				698D1EA80FE693A900F5E2F8 /* CNWheel.m */,
				B302F1FB0FBAFBA400BAAF55 /* CNUntouchableLayer.h */,
				B302F1FC0FBAFBA400BAAF55 /* CNUntouchableLayer.m */,
				B302F1E80FBAFB7300BAAF55 /* CNCircleLayer.h */,
				B302F1E90FBAFB7300BAAF55 /* CNCircleLayer.m */,
				B302F1EA0FBAFB7300BAAF55 /* CNCursorLayer.h */,
				B302F1EB0FBAFB7300BAAF55 /* CNCursorLayer.m */,
				B302F1EC0FBAFB7300BAAF55 /* CNDebug.h */,
				B302F1ED0FBAFB7300BAAF55 /* CNDebug.m */,
				B302F1EE0FBAFB7300BAAF55 /* CNDebugLayer.h */,
				B302F1EF0FBAFB7300BAAF55 /* CNDebugLayer.m */,
				B302F1F00FBAFB7300BAAF55 /* CNLightLayer.h */,
				B302F1F10FBAFB7300BAAF55 /* CNLightLayer.m */,
				B302F1F20FBAFB7300BAAF55 /* CNStatusbarLayer.h */,
				B302F1F30FBAFB7300BAAF55 /* CNStatusbarLayer.m */,
				B302F1E40FBAFB0400BAAF55 /* CNDebugView.h */,
				B302F1E50FBAFB0400BAAF55 /* CNDebugView.m */,
				69E2C0860FB9DA8B00E03C64 /* CNLayer.h */,
				69E2C0870FB9DA8B00E03C64 /* CNLayer.m */,
				69E2C0880FB9DA8B00E03C64 /* CNLayerModifier.h */,
				69E2C0890FB9DA8B00E03C64 /* CNLayerModifier.m */,
				69E2C08A0FB9DA8B00E03C64 /* CNView.h */,
				69E2C08B0FB9DA8B00E03C64 /* CNView.m */,
			);
			name = graphics;
			path = ../graphics;
			sourceTree = SOURCE_ROOT;
		};
		69E2C08F0FB9DA9A00E03C64 /* eventmanagement */ = {
			isa = PBXGroup;
			children = (
				69E2C0900FB9DA9A00E03C64 /* CNEvent.h */,
				69E2C0910FB9DA9A00E03C64 /* CNEvent.m */,
				69E2C0920FB9DA9A00E03C64 /* CNEventDispatcher.h */,
				69E2C0930FB9DA9A00E03C64 /* CNEventDispatcher.m */,
				69E2C0940FB9DA9A00E03C64 /* CNPathElement.h */,
				69E2C0950FB9DA9A00E03C64 /* CNPathElement.m */,
				69E2C0960FB9DA9A00E03C64 /* CNStroke.h */,
				69E2C0970FB9DA9A00E03C64 /* CNStroke.m */,
				69E2C0980FB9DA9A00E03C64 /* CNTouch.h */,
				69E2C0990FB9DA9A00E03C64 /* CNTouch.m */,
			);
			name = eventmanagement;
			path = ../eventmanagement;
			sourceTree = SOURCE_ROOT;
		};
/* End PBXGroup section */

/* Begin PBXNativeTarget section */
		8D1107260486CEB800E47090 /* CocoNuitApp */ = {
			isa = PBXNativeTarget;
			buildConfigurationList = C01FCF4A08A954540054247B /* Build configuration list for PBXNativeTarget "CocoNuitApp" */;
			buildPhases = (
				8D1107290486CEB800E47090 /* Resources */,
				8D11072C0486CEB800E47090 /* Sources */,
				8D11072E0486CEB800E47090 /* Frameworks */,
			);
			buildRules = (
			);
			dependencies = (
			);
			name = CocoNuitApp;
			productInstallPath = "$(HOME)/Applications";
			productName = CocoNuitApp;
			productReference = 8D1107320486CEB800E47090 /* CocoNuitApp.app */;
			productType = "com.apple.product-type.application";
		};
/* End PBXNativeTarget section */

/* Begin PBXProject section */
		29B97313FDCFA39411CA2CEA /* Project object */ = {
			isa = PBXProject;
			buildConfigurationList = C01FCF4E08A954540054247B /* Build configuration list for PBXProject "CocoNuitApp" */;
			compatibilityVersion = "Xcode 3.1";
			hasScannedForEncodings = 1;
			mainGroup = 29B97314FDCFA39411CA2CEA /* CocoNuitApp */;
			projectDirPath = "";
			projectRoot = "";
			targets = (
				8D1107260486CEB800E47090 /* CocoNuitApp */,
			);
		};
/* End PBXProject section */

/* Begin PBXResourcesBuildPhase section */
		8D1107290486CEB800E47090 /* Resources */ = {
			isa = PBXResourcesBuildPhase;
			buildActionMask = 2147483647;
			files = (
				8D11072B0486CEB800E47090 /* InfoPlist.strings in Resources */,
				1DDD58160DA1D0A300B32029 /* MainMenu.xib in Resources */,
				B302F2090FBAFCFF00BAAF55 /* einstein.jpg in Resources */,
				B302F20A0FBAFCFF00BAAF55 /* john.jpg in Resources */,
				B302F2450FBAFFA800BAAF55 /* Coconut.icns in Resources */,
				E340B7F00FC2AA8100BFDDDD /* CocoNuitConfig.xml in Resources */,
			);
			runOnlyForDeploymentPostprocessing = 0;
		};
/* End PBXResourcesBuildPhase section */

/* Begin PBXSourcesBuildPhase section */
		8D11072C0486CEB800E47090 /* Sources */ = {
			isa = PBXSourcesBuildPhase;
			buildActionMask = 2147483647;
			files = (
				8D11072D0486CEB800E47090 /* main.m in Sources */,
				69E2C0430FB9DA2900E03C64 /* BBAppController.m in Sources */,
				69E2C0440FB9DA2900E03C64 /* BBOSCAddress.m in Sources */,
				69E2C0450FB9DA2900E03C64 /* BBOSCArgument.m in Sources */,
				69E2C0460FB9DA2900E03C64 /* BBOSCBundle.m in Sources */,
				69E2C0470FB9DA2900E03C64 /* BBOSCDataUtilities.m in Sources */,
				69E2C0480FB9DA2900E03C64 /* BBOSCDecoder.m in Sources */,
				69E2C0490FB9DA2900E03C64 /* BBOSCDispatcher.m in Sources */,
				69E2C04A0FB9DA2900E03C64 /* BBOSCListener.m in Sources */,
				69E2C04B0FB9DA2900E03C64 /* BBOSCMessage.m in Sources */,
				69E2C04C0FB9DA2900E03C64 /* BBOSCPacket.m in Sources */,
				69E2C04D0FB9DA2900E03C64 /* BBOSCSender.m in Sources */,
				69E2C0580FB9DA4B00E03C64 /* CN2dVect.m in Sources */,
				69E2C0600FB9DA5700E03C64 /* CNOscMessageDispatcher.m in Sources */,
				69E2C0610FB9DA5700E03C64 /* CNTuioCursor.m in Sources */,
				69E2C0620FB9DA5700E03C64 /* CNTuioDispatcher.m in Sources */,
				69E2C07A0FB9DA6F00E03C64 /* CN1FingerRotate.m in Sources */,
				69E2C07B0FB9DA6F00E03C64 /* CN2FingerRotate.m in Sources */,
				69E2C07C0FB9DA6F00E03C64 /* CN2FingerScale.m in Sources */,
				69E2C07D0FB9DA6F00E03C64 /* CNGesture.m in Sources */,
				69E2C07E0FB9DA6F00E03C64 /* CNGestureFactory.m in Sources */,
				69E2C07F0FB9DA6F00E03C64 /* CNHold.m in Sources */,
				69E2C0800FB9DA6F00E03C64 /* CNMove.m in Sources */,
				69E2C0810FB9DA6F00E03C64 /* CNPress.m in Sources */,
				69E2C0820FB9DA6F00E03C64 /* CNRelease.m in Sources */,
				69E2C0830FB9DA6F00E03C64 /* CNTap.m in Sources */,
				69E2C0840FB9DA6F00E03C64 /* CNUpdate.m in Sources */,
				69E2C08C0FB9DA8B00E03C64 /* CNLayer.m in Sources */,
				69E2C08D0FB9DA8B00E03C64 /* CNLayerModifier.m in Sources */,
				69E2C08E0FB9DA8B00E03C64 /* CNView.m in Sources */,
				69E2C09A0FB9DA9A00E03C64 /* CNEvent.m in Sources */,
				69E2C09B0FB9DA9A00E03C64 /* CNEventDispatcher.m in Sources */,
				69E2C09C0FB9DA9A00E03C64 /* CNPathElement.m in Sources */,
				69E2C09D0FB9DA9A00E03C64 /* CNStroke.m in Sources */,
				69E2C09E0FB9DA9A00E03C64 /* CNTouch.m in Sources */,
				69E2C1230FBA2FA300E03C64 /* CNAppController.m in Sources */,
				B302F1E60FBAFB0400BAAF55 /* CNDebugView.m in Sources */,
				B302F1F40FBAFB7300BAAF55 /* CNCircleLayer.m in Sources */,
				B302F1F50FBAFB7300BAAF55 /* CNCursorLayer.m in Sources */,
				B302F1F60FBAFB7300BAAF55 /* CNDebug.m in Sources */,
				B302F1F70FBAFB7300BAAF55 /* CNDebugLayer.m in Sources */,
				B302F1F80FBAFB7300BAAF55 /* CNLightLayer.m in Sources */,
				B302F1F90FBAFB7300BAAF55 /* CNStatusbarLayer.m in Sources */,
				B302F1FD0FBAFBA400BAAF55 /* CNUntouchableLayer.m in Sources */,
				B302F2030FBAFCC000BAAF55 /* CNSetupWinController.m in Sources */,
				69372B260FC0313800E6A604 /* CoconuitConfig.m in Sources */,
				693435FE0FCEB93100E41022 /* CNTouchGroup.m in Sources */,
				693435FF0FCEB93100E41022 /* CNTouchGrouper.m in Sources */,
				698D1EA90FE693A900F5E2F8 /* CNWheel.m in Sources */,
			);
			runOnlyForDeploymentPostprocessing = 0;
		};
/* End PBXSourcesBuildPhase section */

/* Begin PBXVariantGroup section */
		089C165CFE840E0CC02AAC07 /* InfoPlist.strings */ = {
			isa = PBXVariantGroup;
			children = (
				089C165DFE840E0CC02AAC07 /* English */,
			);
			name = InfoPlist.strings;
			sourceTree = "<group>";
		};
		1DDD58140DA1D0A300B32029 /* MainMenu.xib */ = {
			isa = PBXVariantGroup;
			children = (
				1DDD58150DA1D0A300B32029 /* English */,
			);
			name = MainMenu.xib;
			sourceTree = "<group>";
		};
/* End PBXVariantGroup section */

/* Begin XCBuildConfiguration section */
		C01FCF4B08A954540054247B /* Debug */ = {
			isa = XCBuildConfiguration;
			buildSettings = {
				ALWAYS_SEARCH_USER_PATHS = NO;
				COPY_PHASE_STRIP = NO;
				GCC_DYNAMIC_NO_PIC = NO;
				GCC_ENABLE_FIX_AND_CONTINUE = YES;
				GCC_MODEL_TUNING = G5;
				GCC_OPTIMIZATION_LEVEL = 0;
				GCC_PRECOMPILE_PREFIX_HEADER = YES;
				GCC_PREFIX_HEADER = CocoNuitApp_Prefix.pch;
				INFOPLIST_FILE = Info.plist;
				INSTALL_PATH = "$(HOME)/Applications";
				PRODUCT_NAME = CocoNuitApp;
			};
			name = Debug;
		};
		C01FCF4C08A954540054247B /* Release */ = {
			isa = XCBuildConfiguration;
			buildSettings = {
				ALWAYS_SEARCH_USER_PATHS = NO;
				DEBUG_INFORMATION_FORMAT = "dwarf-with-dsym";
				GCC_MODEL_TUNING = G5;
				GCC_PRECOMPILE_PREFIX_HEADER = YES;
				GCC_PREFIX_HEADER = CocoNuitApp_Prefix.pch;
				INFOPLIST_FILE = Info.plist;
				INSTALL_PATH = "$(HOME)/Applications";
				PRODUCT_NAME = CocoNuitApp;
			};
			name = Release;
		};
		C01FCF4F08A954540054247B /* Debug */ = {
			isa = XCBuildConfiguration;
			buildSettings = {
				ARCHS = "$(ARCHS_STANDARD_32_BIT)";
				GCC_C_LANGUAGE_STANDARD = c99;
				GCC_OPTIMIZATION_LEVEL = 0;
				GCC_WARN_ABOUT_RETURN_TYPE = YES;
				GCC_WARN_UNUSED_VARIABLE = YES;
				ONLY_ACTIVE_ARCH = YES;
				PREBINDING = NO;
				SDKROOT = macosx10.5;
			};
			name = Debug;
		};
		C01FCF5008A954540054247B /* Release */ = {
			isa = XCBuildConfiguration;
			buildSettings = {
				ARCHS = "$(ARCHS_STANDARD_32_BIT)";
				GCC_C_LANGUAGE_STANDARD = c99;
				GCC_WARN_ABOUT_RETURN_TYPE = YES;
				GCC_WARN_UNUSED_VARIABLE = YES;
				PREBINDING = NO;
				SDKROOT = macosx10.5;
			};
			name = Release;
		};
/* End XCBuildConfiguration section */

/* Begin XCConfigurationList section */
		C01FCF4A08A954540054247B /* Build configuration list for PBXNativeTarget "CocoNuitApp" */ = {
			isa = XCConfigurationList;
			buildConfigurations = (
				C01FCF4B08A954540054247B /* Debug */,
				C01FCF4C08A954540054247B /* Release */,
			);
			defaultConfigurationIsVisible = 0;
			defaultConfigurationName = Release;
		};
		C01FCF4E08A954540054247B /* Build configuration list for PBXProject "CocoNuitApp" */ = {
			isa = XCConfigurationList;
			buildConfigurations = (
				C01FCF4F08A954540054247B /* Debug */,
				C01FCF5008A954540054247B /* Release */,
			);
			defaultConfigurationIsVisible = 0;
			defaultConfigurationName = Release;
		};
/* End XCConfigurationList section */
	};
	rootObject = 29B97313FDCFA39411CA2CEA /* Project object */;
}
