// !$*UTF8*$!
{
	archiveVersion = 1;
	classes = {
	};
	objectVersion = 45;
	objects = {

/* Begin PBXBuildFile section */
		1DDD58160DA1D0A300B32029 /* MainMenu.xib in Resources */ = {isa = PBXBuildFile; fileRef = 1DDD58140DA1D0A300B32029 /* MainMenu.xib */; };
		6963A9750FB707E600B2287A /* CNAppController.m in Sources */ = {isa = PBXBuildFile; fileRef = 6963A9690FB707E600B2287A /* CNAppController.m */; };
		6963A9760FB707E600B2287A /* cento.jpg in Resources */ = {isa = PBXBuildFile; fileRef = 6963A96A0FB707E600B2287A /* cento.jpg */; };
		6963A97B0FB707E600B2287A /* einstein.jpg in Resources */ = {isa = PBXBuildFile; fileRef = 6963A9730FB707E600B2287A /* einstein.jpg */; };
		6963A97C0FB707E600B2287A /* elvis.jpg in Resources */ = {isa = PBXBuildFile; fileRef = 6963A9740FB707E600B2287A /* elvis.jpg */; };
		6963A9900FB7092900B2287A /* john.jpg in Resources */ = {isa = PBXBuildFile; fileRef = 6963A98D0FB7092900B2287A /* john.jpg */; };
		6963AA380FB70C5E00B2287A /* QTKit.framework in Frameworks */ = {isa = PBXBuildFile; fileRef = 6963AA370FB70C5E00B2287A /* QTKit.framework */; };
		6963AA3C0FB70C7400B2287A /* QuartzCore.framework in Frameworks */ = {isa = PBXBuildFile; fileRef = 6963AA3B0FB70C7400B2287A /* QuartzCore.framework */; };
		6963ADAC0FB7475500B2287A /* BBAppController.m in Sources */ = {isa = PBXBuildFile; fileRef = 6963ADA40FB7475400B2287A /* BBAppController.m */; };
		6963ADAD0FB7475500B2287A /* BBOSCAddress.m in Sources */ = {isa = PBXBuildFile; fileRef = 6963ADA70FB7475500B2287A /* BBOSCAddress.m */; };
		6963ADAE0FB7475500B2287A /* BBOSCArgument.m in Sources */ = {isa = PBXBuildFile; fileRef = 6963ADA90FB7475500B2287A /* BBOSCArgument.m */; };
		6963ADAF0FB7475500B2287A /* BBOSCBundle.m in Sources */ = {isa = PBXBuildFile; fileRef = 6963ADAB0FB7475500B2287A /* BBOSCBundle.m */; };
		6963ADB60FB7476A00B2287A /* BBOSCDataUtilities.m in Sources */ = {isa = PBXBuildFile; fileRef = 6963ADB10FB7476A00B2287A /* BBOSCDataUtilities.m */; };
		6963ADB70FB7476A00B2287A /* BBOSCDecoder.m in Sources */ = {isa = PBXBuildFile; fileRef = 6963ADB30FB7476A00B2287A /* BBOSCDecoder.m */; };
		6963ADB80FB7476A00B2287A /* BBOSCDispatcher.m in Sources */ = {isa = PBXBuildFile; fileRef = 6963ADB50FB7476A00B2287A /* BBOSCDispatcher.m */; };
		6963ADC10FB7477F00B2287A /* BBOSCListener.m in Sources */ = {isa = PBXBuildFile; fileRef = 6963ADBA0FB7477F00B2287A /* BBOSCListener.m */; };
		6963ADC20FB7477F00B2287A /* BBOSCMessage.m in Sources */ = {isa = PBXBuildFile; fileRef = 6963ADBC0FB7477F00B2287A /* BBOSCMessage.m */; };
		6963ADC30FB7477F00B2287A /* BBOSCPacket.m in Sources */ = {isa = PBXBuildFile; fileRef = 6963ADBE0FB7477F00B2287A /* BBOSCPacket.m */; };
		6963ADC40FB7477F00B2287A /* BBOSCSender.m in Sources */ = {isa = PBXBuildFile; fileRef = 6963ADC00FB7477F00B2287A /* BBOSCSender.m */; };
		6963AE7B0FB75A8500B2287A /* CNEvent.m in Sources */ = {isa = PBXBuildFile; fileRef = 6963AE720FB75A8500B2287A /* CNEvent.m */; };
		6963AE7C0FB75A8500B2287A /* CNEventDispatcher.m in Sources */ = {isa = PBXBuildFile; fileRef = 6963AE740FB75A8500B2287A /* CNEventDispatcher.m */; };
		6963AE7D0FB75A8500B2287A /* CNPathElement.m in Sources */ = {isa = PBXBuildFile; fileRef = 6963AE760FB75A8500B2287A /* CNPathElement.m */; };
		6963AE7E0FB75A8500B2287A /* CNStroke.m in Sources */ = {isa = PBXBuildFile; fileRef = 6963AE780FB75A8500B2287A /* CNStroke.m */; };
		6963AE7F0FB75A8500B2287A /* CNTouch.m in Sources */ = {isa = PBXBuildFile; fileRef = 6963AE7A0FB75A8500B2287A /* CNTouch.m */; };
		6963AE860FB75AA800B2287A /* CNOscMessageDispatcher.m in Sources */ = {isa = PBXBuildFile; fileRef = 6963AE810FB75AA800B2287A /* CNOscMessageDispatcher.m */; };
		6963AE870FB75AA800B2287A /* CNTuioCursor.m in Sources */ = {isa = PBXBuildFile; fileRef = 6963AE830FB75AA800B2287A /* CNTuioCursor.m */; };
		6963AE880FB75AA800B2287A /* CNTuioDispatcher.m in Sources */ = {isa = PBXBuildFile; fileRef = 6963AE850FB75AA800B2287A /* CNTuioDispatcher.m */; };
		6963AEA10FB75AD300B2287A /* CNCircleLayer.m in Sources */ = {isa = PBXBuildFile; fileRef = 6963AE8A0FB75AD300B2287A /* CNCircleLayer.m */; };
		6963AEA20FB75AD300B2287A /* CNCursorLayer.m in Sources */ = {isa = PBXBuildFile; fileRef = 6963AE8C0FB75AD300B2287A /* CNCursorLayer.m */; };
		6963AEA30FB75AD300B2287A /* CNDebug.m in Sources */ = {isa = PBXBuildFile; fileRef = 6963AE8E0FB75AD300B2287A /* CNDebug.m */; };
		6963AEA40FB75AD300B2287A /* CNDebugLayer.m in Sources */ = {isa = PBXBuildFile; fileRef = 6963AE900FB75AD300B2287A /* CNDebugLayer.m */; };
		6963AEA50FB75AD300B2287A /* CNDebugView.m in Sources */ = {isa = PBXBuildFile; fileRef = 6963AE920FB75AD300B2287A /* CNDebugView.m */; };
		6963AEA60FB75AD300B2287A /* CNLayer.m in Sources */ = {isa = PBXBuildFile; fileRef = 6963AE940FB75AD300B2287A /* CNLayer.m */; };
		6963AEA70FB75AD300B2287A /* CNLayerModifier.m in Sources */ = {isa = PBXBuildFile; fileRef = 6963AE960FB75AD300B2287A /* CNLayerModifier.m */; };
		6963AEA80FB75AD300B2287A /* CNLightLayer.m in Sources */ = {isa = PBXBuildFile; fileRef = 6963AE980FB75AD300B2287A /* CNLightLayer.m */; };
		6963AEA90FB75AD300B2287A /* CNSetupWinController.m in Sources */ = {isa = PBXBuildFile; fileRef = 6963AE9A0FB75AD300B2287A /* CNSetupWinController.m */; };
		6963AEAA0FB75AD300B2287A /* CNStatusbarLayer.m in Sources */ = {isa = PBXBuildFile; fileRef = 6963AE9C0FB75AD300B2287A /* CNStatusbarLayer.m */; };
		6963AEAB0FB75AD300B2287A /* CNUntouchableLayer.m in Sources */ = {isa = PBXBuildFile; fileRef = 6963AE9E0FB75AD300B2287A /* CNUntouchableLayer.m */; };
		6963AEAC0FB75AD300B2287A /* CNView.m in Sources */ = {isa = PBXBuildFile; fileRef = 6963AEA00FB75AD300B2287A /* CNView.m */; };
		6963AEC30FB75B0400B2287A /* CN1FingerRotate.m in Sources */ = {isa = PBXBuildFile; fileRef = 6963AEAE0FB75B0400B2287A /* CN1FingerRotate.m */; };
		6963AEC40FB75B0400B2287A /* CN2FingerRotate.m in Sources */ = {isa = PBXBuildFile; fileRef = 6963AEB00FB75B0400B2287A /* CN2FingerRotate.m */; };
		6963AEC50FB75B0400B2287A /* CN2FingerScale.m in Sources */ = {isa = PBXBuildFile; fileRef = 6963AEB20FB75B0400B2287A /* CN2FingerScale.m */; };
		6963AEC60FB75B0400B2287A /* CNGesture.m in Sources */ = {isa = PBXBuildFile; fileRef = 6963AEB40FB75B0400B2287A /* CNGesture.m */; };
		6963AEC70FB75B0400B2287A /* CNGestureFactory.m in Sources */ = {isa = PBXBuildFile; fileRef = 6963AEB60FB75B0400B2287A /* CNGestureFactory.m */; };
		6963AEC80FB75B0400B2287A /* CNHold.m in Sources */ = {isa = PBXBuildFile; fileRef = 6963AEB80FB75B0400B2287A /* CNHold.m */; };
		6963AEC90FB75B0400B2287A /* CNMove.m in Sources */ = {isa = PBXBuildFile; fileRef = 6963AEBA0FB75B0400B2287A /* CNMove.m */; };
		6963AECA0FB75B0400B2287A /* CNPress.m in Sources */ = {isa = PBXBuildFile; fileRef = 6963AEBC0FB75B0400B2287A /* CNPress.m */; };
		6963AECB0FB75B0400B2287A /* CNRelease.m in Sources */ = {isa = PBXBuildFile; fileRef = 6963AEBE0FB75B0400B2287A /* CNRelease.m */; };
		6963AECC0FB75B0400B2287A /* CNTap.m in Sources */ = {isa = PBXBuildFile; fileRef = 6963AEC00FB75B0400B2287A /* CNTap.m */; };
		6963AECD0FB75B0400B2287A /* CNUpdate.m in Sources */ = {isa = PBXBuildFile; fileRef = 6963AEC20FB75B0400B2287A /* CNUpdate.m */; };
		6963AED20FB75B1E00B2287A /* CN2dVect.m in Sources */ = {isa = PBXBuildFile; fileRef = 6963AECF0FB75B1E00B2287A /* CN2dVect.m */; };
		8D11072B0486CEB800E47090 /* InfoPlist.strings in Resources */ = {isa = PBXBuildFile; fileRef = 089C165CFE840E0CC02AAC07 /* InfoPlist.strings */; };
		8D11072D0486CEB800E47090 /* main.m in Sources */ = {isa = PBXBuildFile; fileRef = 29B97316FDCFA39411CA2CEA /* main.m */; settings = {ATTRIBUTES = (); }; };
		8D11072F0486CEB800E47090 /* Cocoa.framework in Frameworks */ = {isa = PBXBuildFile; fileRef = 1058C7A1FEA54F0111CA2CBB /* Cocoa.framework */; };
/* End PBXBuildFile section */

/* Begin PBXFileReference section */
		089C165DFE840E0CC02AAC07 /* English */ = {isa = PBXFileReference; fileEncoding = 10; lastKnownFileType = text.plist.strings; name = English; path = English.lproj/InfoPlist.strings; sourceTree = "<group>"; };
		1058C7A1FEA54F0111CA2CBB /* Cocoa.framework */ = {isa = PBXFileReference; lastKnownFileType = wrapper.framework; name = Cocoa.framework; path = /System/Library/Frameworks/Cocoa.framework; sourceTree = "<absolute>"; };
		13E42FB307B3F0F600E4EEF1 /* CoreData.framework */ = {isa = PBXFileReference; lastKnownFileType = wrapper.framework; name = CoreData.framework; path = /System/Library/Frameworks/CoreData.framework; sourceTree = "<absolute>"; };
		1DDD58150DA1D0A300B32029 /* English */ = {isa = PBXFileReference; lastKnownFileType = file.xib; name = English; path = English.lproj/MainMenu.xib; sourceTree = "<group>"; };
		29B97316FDCFA39411CA2CEA /* main.m */ = {isa = PBXFileReference; fileEncoding = 4; lastKnownFileType = sourcecode.c.objc; path = main.m; sourceTree = "<group>"; };
		29B97324FDCFA39411CA2CEA /* AppKit.framework */ = {isa = PBXFileReference; lastKnownFileType = wrapper.framework; name = AppKit.framework; path = /System/Library/Frameworks/AppKit.framework; sourceTree = "<absolute>"; };
		29B97325FDCFA39411CA2CEA /* Foundation.framework */ = {isa = PBXFileReference; lastKnownFileType = wrapper.framework; name = Foundation.framework; path = /System/Library/Frameworks/Foundation.framework; sourceTree = "<absolute>"; };
		32CA4F630368D1EE00C91783 /* CocoNuit_Prefix.pch */ = {isa = PBXFileReference; fileEncoding = 4; lastKnownFileType = sourcecode.c.h; path = CocoNuit_Prefix.pch; sourceTree = "<group>"; };
		6963A9680FB707E600B2287A /* CNAppController.h */ = {isa = PBXFileReference; fileEncoding = 4; lastKnownFileType = sourcecode.c.h; path = CNAppController.h; sourceTree = "<group>"; };
		6963A9690FB707E600B2287A /* CNAppController.m */ = {isa = PBXFileReference; fileEncoding = 4; lastKnownFileType = sourcecode.c.objc; path = CNAppController.m; sourceTree = "<group>"; };
		6963A96A0FB707E600B2287A /* cento.jpg */ = {isa = PBXFileReference; lastKnownFileType = image.jpeg; path = cento.jpg; sourceTree = "<group>"; };
		6963A9730FB707E600B2287A /* einstein.jpg */ = {isa = PBXFileReference; lastKnownFileType = image.jpeg; path = einstein.jpg; sourceTree = "<group>"; };
		6963A9740FB707E600B2287A /* elvis.jpg */ = {isa = PBXFileReference; lastKnownFileType = image.jpeg; path = elvis.jpg; sourceTree = "<group>"; };
		6963A98D0FB7092900B2287A /* john.jpg */ = {isa = PBXFileReference; lastKnownFileType = image.jpeg; path = john.jpg; sourceTree = "<group>"; };
		6963AA370FB70C5E00B2287A /* QTKit.framework */ = {isa = PBXFileReference; lastKnownFileType = wrapper.framework; name = QTKit.framework; path = /System/Library/Frameworks/QTKit.framework; sourceTree = "<absolute>"; };
		6963AA3B0FB70C7400B2287A /* QuartzCore.framework */ = {isa = PBXFileReference; lastKnownFileType = wrapper.framework; name = QuartzCore.framework; path = /System/Library/Frameworks/QuartzCore.framework; sourceTree = "<absolute>"; };
		6963ADA30FB7475400B2287A /* BBAppController.h */ = {isa = PBXFileReference; fileEncoding = 4; lastKnownFileType = sourcecode.c.h; name = BBAppController.h; path = BBosc/src/BBAppController.h; sourceTree = "<group>"; };
		6963ADA40FB7475400B2287A /* BBAppController.m */ = {isa = PBXFileReference; fileEncoding = 4; lastKnownFileType = sourcecode.c.objc; name = BBAppController.m; path = BBosc/src/BBAppController.m; sourceTree = "<group>"; };
		6963ADA50FB7475500B2287A /* BBOSC_Prefix.pch */ = {isa = PBXFileReference; fileEncoding = 4; lastKnownFileType = sourcecode.c.h; name = BBOSC_Prefix.pch; path = BBosc/src/BBOSC_Prefix.pch; sourceTree = "<group>"; };
		6963ADA60FB7475500B2287A /* BBOSCAddress.h */ = {isa = PBXFileReference; fileEncoding = 4; lastKnownFileType = sourcecode.c.h; name = BBOSCAddress.h; path = BBosc/src/BBOSCAddress.h; sourceTree = "<group>"; };
		6963ADA70FB7475500B2287A /* BBOSCAddress.m */ = {isa = PBXFileReference; fileEncoding = 4; lastKnownFileType = sourcecode.c.objc; name = BBOSCAddress.m; path = BBosc/src/BBOSCAddress.m; sourceTree = "<group>"; };
		6963ADA80FB7475500B2287A /* BBOSCArgument.h */ = {isa = PBXFileReference; fileEncoding = 4; lastKnownFileType = sourcecode.c.h; name = BBOSCArgument.h; path = BBosc/src/BBOSCArgument.h; sourceTree = "<group>"; };
		6963ADA90FB7475500B2287A /* BBOSCArgument.m */ = {isa = PBXFileReference; fileEncoding = 4; lastKnownFileType = sourcecode.c.objc; name = BBOSCArgument.m; path = BBosc/src/BBOSCArgument.m; sourceTree = "<group>"; };
		6963ADAA0FB7475500B2287A /* BBOSCBundle.h */ = {isa = PBXFileReference; fileEncoding = 4; lastKnownFileType = sourcecode.c.h; name = BBOSCBundle.h; path = BBosc/src/BBOSCBundle.h; sourceTree = "<group>"; };
		6963ADAB0FB7475500B2287A /* BBOSCBundle.m */ = {isa = PBXFileReference; fileEncoding = 4; lastKnownFileType = sourcecode.c.objc; name = BBOSCBundle.m; path = BBosc/src/BBOSCBundle.m; sourceTree = "<group>"; };
		6963ADB00FB7476A00B2287A /* BBOSCDataUtilities.h */ = {isa = PBXFileReference; fileEncoding = 4; lastKnownFileType = sourcecode.c.h; name = BBOSCDataUtilities.h; path = BBosc/src/BBOSCDataUtilities.h; sourceTree = "<group>"; };
		6963ADB10FB7476A00B2287A /* BBOSCDataUtilities.m */ = {isa = PBXFileReference; fileEncoding = 4; lastKnownFileType = sourcecode.c.objc; name = BBOSCDataUtilities.m; path = BBosc/src/BBOSCDataUtilities.m; sourceTree = "<group>"; };
		6963ADB20FB7476A00B2287A /* BBOSCDecoder.h */ = {isa = PBXFileReference; fileEncoding = 4; lastKnownFileType = sourcecode.c.h; name = BBOSCDecoder.h; path = BBosc/src/BBOSCDecoder.h; sourceTree = "<group>"; };
		6963ADB30FB7476A00B2287A /* BBOSCDecoder.m */ = {isa = PBXFileReference; fileEncoding = 4; lastKnownFileType = sourcecode.c.objc; name = BBOSCDecoder.m; path = BBosc/src/BBOSCDecoder.m; sourceTree = "<group>"; };
		6963ADB40FB7476A00B2287A /* BBOSCDispatcher.h */ = {isa = PBXFileReference; fileEncoding = 4; lastKnownFileType = sourcecode.c.h; name = BBOSCDispatcher.h; path = BBosc/src/BBOSCDispatcher.h; sourceTree = "<group>"; };
		6963ADB50FB7476A00B2287A /* BBOSCDispatcher.m */ = {isa = PBXFileReference; fileEncoding = 4; lastKnownFileType = sourcecode.c.objc; name = BBOSCDispatcher.m; path = BBosc/src/BBOSCDispatcher.m; sourceTree = "<group>"; };
		6963ADB90FB7477F00B2287A /* BBOSCListener.h */ = {isa = PBXFileReference; fileEncoding = 4; lastKnownFileType = sourcecode.c.h; name = BBOSCListener.h; path = BBosc/src/BBOSCListener.h; sourceTree = "<group>"; };
		6963ADBA0FB7477F00B2287A /* BBOSCListener.m */ = {isa = PBXFileReference; fileEncoding = 4; lastKnownFileType = sourcecode.c.objc; name = BBOSCListener.m; path = BBosc/src/BBOSCListener.m; sourceTree = "<group>"; };
		6963ADBB0FB7477F00B2287A /* BBOSCMessage.h */ = {isa = PBXFileReference; fileEncoding = 4; lastKnownFileType = sourcecode.c.h; name = BBOSCMessage.h; path = BBosc/src/BBOSCMessage.h; sourceTree = "<group>"; };
		6963ADBC0FB7477F00B2287A /* BBOSCMessage.m */ = {isa = PBXFileReference; fileEncoding = 4; lastKnownFileType = sourcecode.c.objc; name = BBOSCMessage.m; path = BBosc/src/BBOSCMessage.m; sourceTree = "<group>"; };
		6963ADBD0FB7477F00B2287A /* BBOSCPacket.h */ = {isa = PBXFileReference; fileEncoding = 4; lastKnownFileType = sourcecode.c.h; name = BBOSCPacket.h; path = BBosc/src/BBOSCPacket.h; sourceTree = "<group>"; };
		6963ADBE0FB7477F00B2287A /* BBOSCPacket.m */ = {isa = PBXFileReference; fileEncoding = 4; lastKnownFileType = sourcecode.c.objc; name = BBOSCPacket.m; path = BBosc/src/BBOSCPacket.m; sourceTree = "<group>"; };
		6963ADBF0FB7477F00B2287A /* BBOSCSender.h */ = {isa = PBXFileReference; fileEncoding = 4; lastKnownFileType = sourcecode.c.h; name = BBOSCSender.h; path = BBosc/src/BBOSCSender.h; sourceTree = "<group>"; };
		6963ADC00FB7477F00B2287A /* BBOSCSender.m */ = {isa = PBXFileReference; fileEncoding = 4; lastKnownFileType = sourcecode.c.objc; name = BBOSCSender.m; path = BBosc/src/BBOSCSender.m; sourceTree = "<group>"; };
		6963AE710FB75A8500B2287A /* CNEvent.h */ = {isa = PBXFileReference; fileEncoding = 4; lastKnownFileType = sourcecode.c.h; name = CNEvent.h; path = eventmanagement/CNEvent.h; sourceTree = "<group>"; };
		6963AE720FB75A8500B2287A /* CNEvent.m */ = {isa = PBXFileReference; fileEncoding = 4; lastKnownFileType = sourcecode.c.objc; name = CNEvent.m; path = eventmanagement/CNEvent.m; sourceTree = "<group>"; };
		6963AE730FB75A8500B2287A /* CNEventDispatcher.h */ = {isa = PBXFileReference; fileEncoding = 4; lastKnownFileType = sourcecode.c.h; name = CNEventDispatcher.h; path = eventmanagement/CNEventDispatcher.h; sourceTree = "<group>"; };
		6963AE740FB75A8500B2287A /* CNEventDispatcher.m */ = {isa = PBXFileReference; fileEncoding = 4; lastKnownFileType = sourcecode.c.objc; name = CNEventDispatcher.m; path = eventmanagement/CNEventDispatcher.m; sourceTree = "<group>"; };
		6963AE750FB75A8500B2287A /* CNPathElement.h */ = {isa = PBXFileReference; fileEncoding = 4; lastKnownFileType = sourcecode.c.h; name = CNPathElement.h; path = eventmanagement/CNPathElement.h; sourceTree = "<group>"; };
		6963AE760FB75A8500B2287A /* CNPathElement.m */ = {isa = PBXFileReference; fileEncoding = 4; lastKnownFileType = sourcecode.c.objc; name = CNPathElement.m; path = eventmanagement/CNPathElement.m; sourceTree = "<group>"; };
		6963AE770FB75A8500B2287A /* CNStroke.h */ = {isa = PBXFileReference; fileEncoding = 4; lastKnownFileType = sourcecode.c.h; name = CNStroke.h; path = eventmanagement/CNStroke.h; sourceTree = "<group>"; };
		6963AE780FB75A8500B2287A /* CNStroke.m */ = {isa = PBXFileReference; fileEncoding = 4; lastKnownFileType = sourcecode.c.objc; name = CNStroke.m; path = eventmanagement/CNStroke.m; sourceTree = "<group>"; };
		6963AE790FB75A8500B2287A /* CNTouch.h */ = {isa = PBXFileReference; fileEncoding = 4; lastKnownFileType = sourcecode.c.h; name = CNTouch.h; path = eventmanagement/CNTouch.h; sourceTree = "<group>"; };
		6963AE7A0FB75A8500B2287A /* CNTouch.m */ = {isa = PBXFileReference; fileEncoding = 4; lastKnownFileType = sourcecode.c.objc; name = CNTouch.m; path = eventmanagement/CNTouch.m; sourceTree = "<group>"; };
		6963AE800FB75AA800B2287A /* CNOscMessageDispatcher.h */ = {isa = PBXFileReference; fileEncoding = 4; lastKnownFileType = sourcecode.c.h; name = CNOscMessageDispatcher.h; path = tuioengine/CNOscMessageDispatcher.h; sourceTree = "<group>"; };
		6963AE810FB75AA800B2287A /* CNOscMessageDispatcher.m */ = {isa = PBXFileReference; fileEncoding = 4; lastKnownFileType = sourcecode.c.objc; name = CNOscMessageDispatcher.m; path = tuioengine/CNOscMessageDispatcher.m; sourceTree = "<group>"; };
		6963AE820FB75AA800B2287A /* CNTuioCursor.h */ = {isa = PBXFileReference; fileEncoding = 4; lastKnownFileType = sourcecode.c.h; name = CNTuioCursor.h; path = tuioengine/CNTuioCursor.h; sourceTree = "<group>"; };
		6963AE830FB75AA800B2287A /* CNTuioCursor.m */ = {isa = PBXFileReference; fileEncoding = 4; lastKnownFileType = sourcecode.c.objc; name = CNTuioCursor.m; path = tuioengine/CNTuioCursor.m; sourceTree = "<group>"; };
		6963AE840FB75AA800B2287A /* CNTuioDispatcher.h */ = {isa = PBXFileReference; fileEncoding = 4; lastKnownFileType = sourcecode.c.h; name = CNTuioDispatcher.h; path = tuioengine/CNTuioDispatcher.h; sourceTree = "<group>"; };
		6963AE850FB75AA800B2287A /* CNTuioDispatcher.m */ = {isa = PBXFileReference; fileEncoding = 4; lastKnownFileType = sourcecode.c.objc; name = CNTuioDispatcher.m; path = tuioengine/CNTuioDispatcher.m; sourceTree = "<group>"; };
		6963AE890FB75AD300B2287A /* CNCircleLayer.h */ = {isa = PBXFileReference; fileEncoding = 4; lastKnownFileType = sourcecode.c.h; name = CNCircleLayer.h; path = graphics/CNCircleLayer.h; sourceTree = "<group>"; };
		6963AE8A0FB75AD300B2287A /* CNCircleLayer.m */ = {isa = PBXFileReference; fileEncoding = 4; lastKnownFileType = sourcecode.c.objc; name = CNCircleLayer.m; path = graphics/CNCircleLayer.m; sourceTree = "<group>"; };
		6963AE8B0FB75AD300B2287A /* CNCursorLayer.h */ = {isa = PBXFileReference; fileEncoding = 4; lastKnownFileType = sourcecode.c.h; name = CNCursorLayer.h; path = graphics/CNCursorLayer.h; sourceTree = "<group>"; };
		6963AE8C0FB75AD300B2287A /* CNCursorLayer.m */ = {isa = PBXFileReference; fileEncoding = 4; lastKnownFileType = sourcecode.c.objc; name = CNCursorLayer.m; path = graphics/CNCursorLayer.m; sourceTree = "<group>"; };
		6963AE8D0FB75AD300B2287A /* CNDebug.h */ = {isa = PBXFileReference; fileEncoding = 4; lastKnownFileType = sourcecode.c.h; name = CNDebug.h; path = graphics/CNDebug.h; sourceTree = "<group>"; };
		6963AE8E0FB75AD300B2287A /* CNDebug.m */ = {isa = PBXFileReference; fileEncoding = 4; lastKnownFileType = sourcecode.c.objc; name = CNDebug.m; path = graphics/CNDebug.m; sourceTree = "<group>"; };
		6963AE8F0FB75AD300B2287A /* CNDebugLayer.h */ = {isa = PBXFileReference; fileEncoding = 4; lastKnownFileType = sourcecode.c.h; name = CNDebugLayer.h; path = graphics/CNDebugLayer.h; sourceTree = "<group>"; };
		6963AE900FB75AD300B2287A /* CNDebugLayer.m */ = {isa = PBXFileReference; fileEncoding = 4; lastKnownFileType = sourcecode.c.objc; name = CNDebugLayer.m; path = graphics/CNDebugLayer.m; sourceTree = "<group>"; };
		6963AE910FB75AD300B2287A /* CNDebugView.h */ = {isa = PBXFileReference; fileEncoding = 4; lastKnownFileType = sourcecode.c.h; name = CNDebugView.h; path = graphics/CNDebugView.h; sourceTree = "<group>"; };
		6963AE920FB75AD300B2287A /* CNDebugView.m */ = {isa = PBXFileReference; fileEncoding = 4; lastKnownFileType = sourcecode.c.objc; name = CNDebugView.m; path = graphics/CNDebugView.m; sourceTree = "<group>"; };
		6963AE930FB75AD300B2287A /* CNLayer.h */ = {isa = PBXFileReference; fileEncoding = 4; lastKnownFileType = sourcecode.c.h; name = CNLayer.h; path = graphics/CNLayer.h; sourceTree = "<group>"; };
		6963AE940FB75AD300B2287A /* CNLayer.m */ = {isa = PBXFileReference; fileEncoding = 4; lastKnownFileType = sourcecode.c.objc; name = CNLayer.m; path = graphics/CNLayer.m; sourceTree = "<group>"; };
		6963AE950FB75AD300B2287A /* CNLayerModifier.h */ = {isa = PBXFileReference; fileEncoding = 4; lastKnownFileType = sourcecode.c.h; name = CNLayerModifier.h; path = graphics/CNLayerModifier.h; sourceTree = "<group>"; };
		6963AE960FB75AD300B2287A /* CNLayerModifier.m */ = {isa = PBXFileReference; fileEncoding = 4; lastKnownFileType = sourcecode.c.objc; name = CNLayerModifier.m; path = graphics/CNLayerModifier.m; sourceTree = "<group>"; };
		6963AE970FB75AD300B2287A /* CNLightLayer.h */ = {isa = PBXFileReference; fileEncoding = 4; lastKnownFileType = sourcecode.c.h; name = CNLightLayer.h; path = graphics/CNLightLayer.h; sourceTree = "<group>"; };
		6963AE980FB75AD300B2287A /* CNLightLayer.m */ = {isa = PBXFileReference; fileEncoding = 4; lastKnownFileType = sourcecode.c.objc; name = CNLightLayer.m; path = graphics/CNLightLayer.m; sourceTree = "<group>"; };
		6963AE990FB75AD300B2287A /* CNSetupWinController.h */ = {isa = PBXFileReference; fileEncoding = 4; lastKnownFileType = sourcecode.c.h; name = CNSetupWinController.h; path = graphics/CNSetupWinController.h; sourceTree = "<group>"; };
		6963AE9A0FB75AD300B2287A /* CNSetupWinController.m */ = {isa = PBXFileReference; fileEncoding = 4; lastKnownFileType = sourcecode.c.objc; name = CNSetupWinController.m; path = graphics/CNSetupWinController.m; sourceTree = "<group>"; };
		6963AE9B0FB75AD300B2287A /* CNStatusbarLayer.h */ = {isa = PBXFileReference; fileEncoding = 4; lastKnownFileType = sourcecode.c.h; name = CNStatusbarLayer.h; path = graphics/CNStatusbarLayer.h; sourceTree = "<group>"; };
		6963AE9C0FB75AD300B2287A /* CNStatusbarLayer.m */ = {isa = PBXFileReference; fileEncoding = 4; lastKnownFileType = sourcecode.c.objc; name = CNStatusbarLayer.m; path = graphics/CNStatusbarLayer.m; sourceTree = "<group>"; };
		6963AE9D0FB75AD300B2287A /* CNUntouchableLayer.h */ = {isa = PBXFileReference; fileEncoding = 4; lastKnownFileType = sourcecode.c.h; name = CNUntouchableLayer.h; path = graphics/CNUntouchableLayer.h; sourceTree = "<group>"; };
		6963AE9E0FB75AD300B2287A /* CNUntouchableLayer.m */ = {isa = PBXFileReference; fileEncoding = 4; lastKnownFileType = sourcecode.c.objc; name = CNUntouchableLayer.m; path = graphics/CNUntouchableLayer.m; sourceTree = "<group>"; };
		6963AE9F0FB75AD300B2287A /* CNView.h */ = {isa = PBXFileReference; fileEncoding = 4; lastKnownFileType = sourcecode.c.h; name = CNView.h; path = graphics/CNView.h; sourceTree = "<group>"; };
		6963AEA00FB75AD300B2287A /* CNView.m */ = {isa = PBXFileReference; fileEncoding = 4; lastKnownFileType = sourcecode.c.objc; name = CNView.m; path = graphics/CNView.m; sourceTree = "<group>"; };
		6963AEAD0FB75B0400B2287A /* CN1FingerRotate.h */ = {isa = PBXFileReference; fileEncoding = 4; lastKnownFileType = sourcecode.c.h; name = CN1FingerRotate.h; path = gesturerecognition/CN1FingerRotate.h; sourceTree = "<group>"; };
		6963AEAE0FB75B0400B2287A /* CN1FingerRotate.m */ = {isa = PBXFileReference; fileEncoding = 4; lastKnownFileType = sourcecode.c.objc; name = CN1FingerRotate.m; path = gesturerecognition/CN1FingerRotate.m; sourceTree = "<group>"; };
		6963AEAF0FB75B0400B2287A /* CN2FingerRotate.h */ = {isa = PBXFileReference; fileEncoding = 4; lastKnownFileType = sourcecode.c.h; name = CN2FingerRotate.h; path = gesturerecognition/CN2FingerRotate.h; sourceTree = "<group>"; };
		6963AEB00FB75B0400B2287A /* CN2FingerRotate.m */ = {isa = PBXFileReference; fileEncoding = 4; lastKnownFileType = sourcecode.c.objc; name = CN2FingerRotate.m; path = gesturerecognition/CN2FingerRotate.m; sourceTree = "<group>"; };
		6963AEB10FB75B0400B2287A /* CN2FingerScale.h */ = {isa = PBXFileReference; fileEncoding = 4; lastKnownFileType = sourcecode.c.h; name = CN2FingerScale.h; path = gesturerecognition/CN2FingerScale.h; sourceTree = "<group>"; };
		6963AEB20FB75B0400B2287A /* CN2FingerScale.m */ = {isa = PBXFileReference; fileEncoding = 4; lastKnownFileType = sourcecode.c.objc; name = CN2FingerScale.m; path = gesturerecognition/CN2FingerScale.m; sourceTree = "<group>"; };
		6963AEB30FB75B0400B2287A /* CNGesture.h */ = {isa = PBXFileReference; fileEncoding = 4; lastKnownFileType = sourcecode.c.h; name = CNGesture.h; path = gesturerecognition/CNGesture.h; sourceTree = "<group>"; };
		6963AEB40FB75B0400B2287A /* CNGesture.m */ = {isa = PBXFileReference; fileEncoding = 4; lastKnownFileType = sourcecode.c.objc; name = CNGesture.m; path = gesturerecognition/CNGesture.m; sourceTree = "<group>"; };
		6963AEB50FB75B0400B2287A /* CNGestureFactory.h */ = {isa = PBXFileReference; fileEncoding = 4; lastKnownFileType = sourcecode.c.h; name = CNGestureFactory.h; path = gesturerecognition/CNGestureFactory.h; sourceTree = "<group>"; };
		6963AEB60FB75B0400B2287A /* CNGestureFactory.m */ = {isa = PBXFileReference; fileEncoding = 4; lastKnownFileType = sourcecode.c.objc; name = CNGestureFactory.m; path = gesturerecognition/CNGestureFactory.m; sourceTree = "<group>"; };
		6963AEB70FB75B0400B2287A /* CNHold.h */ = {isa = PBXFileReference; fileEncoding = 4; lastKnownFileType = sourcecode.c.h; name = CNHold.h; path = gesturerecognition/CNHold.h; sourceTree = "<group>"; };
		6963AEB80FB75B0400B2287A /* CNHold.m */ = {isa = PBXFileReference; fileEncoding = 4; lastKnownFileType = sourcecode.c.objc; name = CNHold.m; path = gesturerecognition/CNHold.m; sourceTree = "<group>"; };
		6963AEB90FB75B0400B2287A /* CNMove.h */ = {isa = PBXFileReference; fileEncoding = 4; lastKnownFileType = sourcecode.c.h; name = CNMove.h; path = gesturerecognition/CNMove.h; sourceTree = "<group>"; };
		6963AEBA0FB75B0400B2287A /* CNMove.m */ = {isa = PBXFileReference; fileEncoding = 4; lastKnownFileType = sourcecode.c.objc; name = CNMove.m; path = gesturerecognition/CNMove.m; sourceTree = "<group>"; };
		6963AEBB0FB75B0400B2287A /* CNPress.h */ = {isa = PBXFileReference; fileEncoding = 4; lastKnownFileType = sourcecode.c.h; name = CNPress.h; path = gesturerecognition/CNPress.h; sourceTree = "<group>"; };
		6963AEBC0FB75B0400B2287A /* CNPress.m */ = {isa = PBXFileReference; fileEncoding = 4; lastKnownFileType = sourcecode.c.objc; name = CNPress.m; path = gesturerecognition/CNPress.m; sourceTree = "<group>"; };
		6963AEBD0FB75B0400B2287A /* CNRelease.h */ = {isa = PBXFileReference; fileEncoding = 4; lastKnownFileType = sourcecode.c.h; name = CNRelease.h; path = gesturerecognition/CNRelease.h; sourceTree = "<group>"; };
		6963AEBE0FB75B0400B2287A /* CNRelease.m */ = {isa = PBXFileReference; fileEncoding = 4; lastKnownFileType = sourcecode.c.objc; name = CNRelease.m; path = gesturerecognition/CNRelease.m; sourceTree = "<group>"; };
		6963AEBF0FB75B0400B2287A /* CNTap.h */ = {isa = PBXFileReference; fileEncoding = 4; lastKnownFileType = sourcecode.c.h; name = CNTap.h; path = gesturerecognition/CNTap.h; sourceTree = "<group>"; };
		6963AEC00FB75B0400B2287A /* CNTap.m */ = {isa = PBXFileReference; fileEncoding = 4; lastKnownFileType = sourcecode.c.objc; name = CNTap.m; path = gesturerecognition/CNTap.m; sourceTree = "<group>"; };
		6963AEC10FB75B0400B2287A /* CNUpdate.h */ = {isa = PBXFileReference; fileEncoding = 4; lastKnownFileType = sourcecode.c.h; name = CNUpdate.h; path = gesturerecognition/CNUpdate.h; sourceTree = "<group>"; };
		6963AEC20FB75B0400B2287A /* CNUpdate.m */ = {isa = PBXFileReference; fileEncoding = 4; lastKnownFileType = sourcecode.c.objc; name = CNUpdate.m; path = gesturerecognition/CNUpdate.m; sourceTree = "<group>"; };
		6963AECE0FB75B1E00B2287A /* CN2dVect.h */ = {isa = PBXFileReference; fileEncoding = 4; lastKnownFileType = sourcecode.c.h; name = CN2dVect.h; path = utils/CN2dVect.h; sourceTree = "<group>"; };
		6963AECF0FB75B1E00B2287A /* CN2dVect.m */ = {isa = PBXFileReference; fileEncoding = 4; lastKnownFileType = sourcecode.c.objc; name = CN2dVect.m; path = utils/CN2dVect.m; sourceTree = "<group>"; };
		6963AED00FB75B1E00B2287A /* CNMath.h */ = {isa = PBXFileReference; fileEncoding = 4; lastKnownFileType = sourcecode.c.h; name = CNMath.h; path = utils/CNMath.h; sourceTree = "<group>"; };
		6963AED10FB75B1E00B2287A /* CNObserverProtocol.h */ = {isa = PBXFileReference; fileEncoding = 4; lastKnownFileType = sourcecode.c.h; name = CNObserverProtocol.h; path = utils/CNObserverProtocol.h; sourceTree = "<group>"; };
		8D1107310486CEB800E47090 /* Info.plist */ = {isa = PBXFileReference; fileEncoding = 4; lastKnownFileType = text.plist.xml; path = Info.plist; sourceTree = "<group>"; };
		8D1107320486CEB800E47090 /* CocoNuit.app */ = {isa = PBXFileReference; explicitFileType = wrapper.application; includeInIndex = 0; path = CocoNuit.app; sourceTree = BUILT_PRODUCTS_DIR; };
/* End PBXFileReference section */

/* Begin PBXFrameworksBuildPhase section */
		8D11072E0486CEB800E47090 /* Frameworks */ = {
			isa = PBXFrameworksBuildPhase;
			buildActionMask = 2147483647;
			files = (
				8D11072F0486CEB800E47090 /* Cocoa.framework in Frameworks */,
				6963AA380FB70C5E00B2287A /* QTKit.framework in Frameworks */,
				6963AA3C0FB70C7400B2287A /* QuartzCore.framework in Frameworks */,
			);
			runOnlyForDeploymentPostprocessing = 0;
		};
/* End PBXFrameworksBuildPhase section */

/* Begin PBXGroup section */
		080E96DDFE201D6D7F000001 /* Classes */ = {
			isa = PBXGroup;
			children = (
				6963ADA10FB7469700B2287A /* BBOsc */,
				6963A9680FB707E600B2287A /* CNAppController.h */,
				6963A9690FB707E600B2287A /* CNAppController.m */,
				6963A9640FB706A500B2287A /* EventManagement */,
				6963A9650FB706B900B2287A /* Graphics */,
				6963A9630FB7069A00B2287A /* TuioEngine */,
				6963A9670FB706D400B2287A /* GestureRecognition */,
				6963A9320FB7065200B2287A /* Utils */,
			);
			name = Classes;
			sourceTree = "<group>";
		};
		1058C7A0FEA54F0111CA2CBB /* Linked Frameworks */ = {
			isa = PBXGroup;
			children = (
				6963AA3B0FB70C7400B2287A /* QuartzCore.framework */,
				6963AA370FB70C5E00B2287A /* QTKit.framework */,
				1058C7A1FEA54F0111CA2CBB /* Cocoa.framework */,
			);
			name = "Linked Frameworks";
			sourceTree = "<group>";
		};
		1058C7A2FEA54F0111CA2CBB /* Other Frameworks */ = {
			isa = PBXGroup;
			children = (
				29B97324FDCFA39411CA2CEA /* AppKit.framework */,
				13E42FB307B3F0F600E4EEF1 /* CoreData.framework */,
				29B97325FDCFA39411CA2CEA /* Foundation.framework */,
			);
			name = "Other Frameworks";
			sourceTree = "<group>";
		};
		19C28FACFE9D520D11CA2CBB /* Products */ = {
			isa = PBXGroup;
			children = (
				8D1107320486CEB800E47090 /* CocoNuit.app */,
			);
			name = Products;
			sourceTree = "<group>";
		};
		29B97314FDCFA39411CA2CEA /* CocoNuit */ = {
			isa = PBXGroup;
			children = (
				080E96DDFE201D6D7F000001 /* Classes */,
				29B97315FDCFA39411CA2CEA /* Other Sources */,
				29B97317FDCFA39411CA2CEA /* Resources */,
				29B97323FDCFA39411CA2CEA /* Frameworks */,
				19C28FACFE9D520D11CA2CBB /* Products */,
			);
			name = CocoNuit;
			sourceTree = "<group>";
		};
		29B97315FDCFA39411CA2CEA /* Other Sources */ = {
			isa = PBXGroup;
			children = (
				32CA4F630368D1EE00C91783 /* CocoNuit_Prefix.pch */,
				29B97316FDCFA39411CA2CEA /* main.m */,
			);
			name = "Other Sources";
			sourceTree = "<group>";
		};
		29B97317FDCFA39411CA2CEA /* Resources */ = {
			isa = PBXGroup;
			children = (
				6963A98D0FB7092900B2287A /* john.jpg */,
				6963A9730FB707E600B2287A /* einstein.jpg */,
				6963A9740FB707E600B2287A /* elvis.jpg */,
				6963A96A0FB707E600B2287A /* cento.jpg */,
				8D1107310486CEB800E47090 /* Info.plist */,
				089C165CFE840E0CC02AAC07 /* InfoPlist.strings */,
				1DDD58140DA1D0A300B32029 /* MainMenu.xib */,
			);
			name = Resources;
			sourceTree = "<group>";
		};
		29B97323FDCFA39411CA2CEA /* Frameworks */ = {
			isa = PBXGroup;
			children = (
				1058C7A0FEA54F0111CA2CBB /* Linked Frameworks */,
				1058C7A2FEA54F0111CA2CBB /* Other Frameworks */,
			);
			name = Frameworks;
			sourceTree = "<group>";
		};
		6963A9320FB7065200B2287A /* Utils */ = {
			isa = PBXGroup;
			children = (
				6963AECE0FB75B1E00B2287A /* CN2dVect.h */,
				6963AECF0FB75B1E00B2287A /* CN2dVect.m */,
				6963AED00FB75B1E00B2287A /* CNMath.h */,
				6963AED10FB75B1E00B2287A /* CNObserverProtocol.h */,
			);
			name = Utils;
			sourceTree = "<group>";
		};
		6963A9630FB7069A00B2287A /* TuioEngine */ = {
			isa = PBXGroup;
			children = (
				6963AE800FB75AA800B2287A /* CNOscMessageDispatcher.h */,
				6963AE810FB75AA800B2287A /* CNOscMessageDispatcher.m */,
				6963AE820FB75AA800B2287A /* CNTuioCursor.h */,
				6963AE830FB75AA800B2287A /* CNTuioCursor.m */,
				6963AE840FB75AA800B2287A /* CNTuioDispatcher.h */,
				6963AE850FB75AA800B2287A /* CNTuioDispatcher.m */,
			);
			name = TuioEngine;
			sourceTree = "<group>";
		};
		6963A9640FB706A500B2287A /* EventManagement */ = {
			isa = PBXGroup;
			children = (
				6963AE710FB75A8500B2287A /* CNEvent.h */,
				6963AE720FB75A8500B2287A /* CNEvent.m */,
				6963AE730FB75A8500B2287A /* CNEventDispatcher.h */,
				6963AE740FB75A8500B2287A /* CNEventDispatcher.m */,
				6963AE750FB75A8500B2287A /* CNPathElement.h */,
				6963AE760FB75A8500B2287A /* CNPathElement.m */,
				6963AE770FB75A8500B2287A /* CNStroke.h */,
				6963AE780FB75A8500B2287A /* CNStroke.m */,
				6963AE790FB75A8500B2287A /* CNTouch.h */,
				6963AE7A0FB75A8500B2287A /* CNTouch.m */,
			);
			name = EventManagement;
			sourceTree = "<group>";
		};
		6963A9650FB706B900B2287A /* Graphics */ = {
			isa = PBXGroup;
			children = (
				6963AE890FB75AD300B2287A /* CNCircleLayer.h */,
				6963AE8A0FB75AD300B2287A /* CNCircleLayer.m */,
				6963AE8B0FB75AD300B2287A /* CNCursorLayer.h */,
				6963AE8C0FB75AD300B2287A /* CNCursorLayer.m */,
				6963AE8D0FB75AD300B2287A /* CNDebug.h */,
				6963AE8E0FB75AD300B2287A /* CNDebug.m */,
				6963AE8F0FB75AD300B2287A /* CNDebugLayer.h */,
				6963AE900FB75AD300B2287A /* CNDebugLayer.m */,
				6963AE910FB75AD300B2287A /* CNDebugView.h */,
				6963AE920FB75AD300B2287A /* CNDebugView.m */,
				6963AE930FB75AD300B2287A /* CNLayer.h */,
				6963AE940FB75AD300B2287A /* CNLayer.m */,
				6963AE950FB75AD300B2287A /* CNLayerModifier.h */,
				6963AE960FB75AD300B2287A /* CNLayerModifier.m */,
				6963AE970FB75AD300B2287A /* CNLightLayer.h */,
				6963AE980FB75AD300B2287A /* CNLightLayer.m */,
				6963AE990FB75AD300B2287A /* CNSetupWinController.h */,
				6963AE9A0FB75AD300B2287A /* CNSetupWinController.m */,
				6963AE9B0FB75AD300B2287A /* CNStatusbarLayer.h */,
				6963AE9C0FB75AD300B2287A /* CNStatusbarLayer.m */,
				6963AE9D0FB75AD300B2287A /* CNUntouchableLayer.h */,
				6963AE9E0FB75AD300B2287A /* CNUntouchableLayer.m */,
				6963AE9F0FB75AD300B2287A /* CNView.h */,
				6963AEA00FB75AD300B2287A /* CNView.m */,
			);
			name = Graphics;
			sourceTree = "<group>";
		};
		6963A9670FB706D400B2287A /* GestureRecognition */ = {
			isa = PBXGroup;
			children = (
				6963AEAD0FB75B0400B2287A /* CN1FingerRotate.h */,
				6963AEAE0FB75B0400B2287A /* CN1FingerRotate.m */,
				6963AEAF0FB75B0400B2287A /* CN2FingerRotate.h */,
				6963AEB00FB75B0400B2287A /* CN2FingerRotate.m */,
				6963AEB10FB75B0400B2287A /* CN2FingerScale.h */,
				6963AEB20FB75B0400B2287A /* CN2FingerScale.m */,
				6963AEB30FB75B0400B2287A /* CNGesture.h */,
				6963AEB40FB75B0400B2287A /* CNGesture.m */,
				6963AEB50FB75B0400B2287A /* CNGestureFactory.h */,
				6963AEB60FB75B0400B2287A /* CNGestureFactory.m */,
				6963AEB70FB75B0400B2287A /* CNHold.h */,
				6963AEB80FB75B0400B2287A /* CNHold.m */,
				6963AEB90FB75B0400B2287A /* CNMove.h */,
				6963AEBA0FB75B0400B2287A /* CNMove.m */,
				6963AEBB0FB75B0400B2287A /* CNPress.h */,
				6963AEBC0FB75B0400B2287A /* CNPress.m */,
				6963AEBD0FB75B0400B2287A /* CNRelease.h */,
				6963AEBE0FB75B0400B2287A /* CNRelease.m */,
				6963AEBF0FB75B0400B2287A /* CNTap.h */,
				6963AEC00FB75B0400B2287A /* CNTap.m */,
				6963AEC10FB75B0400B2287A /* CNUpdate.h */,
				6963AEC20FB75B0400B2287A /* CNUpdate.m */,
			);
			name = GestureRecognition;
			sourceTree = "<group>";
		};
		6963ADA10FB7469700B2287A /* BBOsc */ = {
			isa = PBXGroup;
			children = (
				6963ADB90FB7477F00B2287A /* BBOSCListener.h */,
				6963ADBA0FB7477F00B2287A /* BBOSCListener.m */,
				6963ADBB0FB7477F00B2287A /* BBOSCMessage.h */,
				6963ADBC0FB7477F00B2287A /* BBOSCMessage.m */,
				6963ADBD0FB7477F00B2287A /* BBOSCPacket.h */,
				6963ADBE0FB7477F00B2287A /* BBOSCPacket.m */,
				6963ADBF0FB7477F00B2287A /* BBOSCSender.h */,
				6963ADC00FB7477F00B2287A /* BBOSCSender.m */,
				6963ADB00FB7476A00B2287A /* BBOSCDataUtilities.h */,
				6963ADB10FB7476A00B2287A /* BBOSCDataUtilities.m */,
				6963ADB20FB7476A00B2287A /* BBOSCDecoder.h */,
				6963ADB30FB7476A00B2287A /* BBOSCDecoder.m */,
				6963ADB40FB7476A00B2287A /* BBOSCDispatcher.h */,
				6963ADB50FB7476A00B2287A /* BBOSCDispatcher.m */,
				6963ADA30FB7475400B2287A /* BBAppController.h */,
				6963ADA40FB7475400B2287A /* BBAppController.m */,
				6963ADA50FB7475500B2287A /* BBOSC_Prefix.pch */,
				6963ADA60FB7475500B2287A /* BBOSCAddress.h */,
				6963ADA70FB7475500B2287A /* BBOSCAddress.m */,
				6963ADA80FB7475500B2287A /* BBOSCArgument.h */,
				6963ADA90FB7475500B2287A /* BBOSCArgument.m */,
				6963ADAA0FB7475500B2287A /* BBOSCBundle.h */,
				6963ADAB0FB7475500B2287A /* BBOSCBundle.m */,
			);
			name = BBOsc;
			sourceTree = "<group>";
		};
/* End PBXGroup section */

/* Begin PBXNativeTarget section */
		8D1107260486CEB800E47090 /* CocoNuit */ = {
			isa = PBXNativeTarget;
			buildConfigurationList = C01FCF4A08A954540054247B /* Build configuration list for PBXNativeTarget "CocoNuit" */;
			buildPhases = (
				8D1107290486CEB800E47090 /* Resources */,
				8D11072C0486CEB800E47090 /* Sources */,
				8D11072E0486CEB800E47090 /* Frameworks */,
			);
			buildRules = (
			);
			dependencies = (
			);
			name = CocoNuit;
			productInstallPath = "$(HOME)/Applications";
			productName = CocoNuit;
			productReference = 8D1107320486CEB800E47090 /* CocoNuit.app */;
			productType = "com.apple.product-type.application";
		};
/* End PBXNativeTarget section */

/* Begin PBXProject section */
		29B97313FDCFA39411CA2CEA /* Project object */ = {
			isa = PBXProject;
			buildConfigurationList = C01FCF4E08A954540054247B /* Build configuration list for PBXProject "CocoNuit" */;
			compatibilityVersion = "Xcode 3.1";
			hasScannedForEncodings = 1;
			mainGroup = 29B97314FDCFA39411CA2CEA /* CocoNuit */;
			projectDirPath = "";
			projectRoot = "";
			targets = (
				8D1107260486CEB800E47090 /* CocoNuit */,
			);
		};
/* End PBXProject section */

/* Begin PBXResourcesBuildPhase section */
		8D1107290486CEB800E47090 /* Resources */ = {
			isa = PBXResourcesBuildPhase;
			buildActionMask = 2147483647;
			files = (
				8D11072B0486CEB800E47090 /* InfoPlist.strings in Resources */,
				1DDD58160DA1D0A300B32029 /* MainMenu.xib in Resources */,
				6963A9760FB707E600B2287A /* cento.jpg in Resources */,
				6963A97B0FB707E600B2287A /* einstein.jpg in Resources */,
				6963A97C0FB707E600B2287A /* elvis.jpg in Resources */,
				6963A9900FB7092900B2287A /* john.jpg in Resources */,
			);
			runOnlyForDeploymentPostprocessing = 0;
		};
/* End PBXResourcesBuildPhase section */

/* Begin PBXSourcesBuildPhase section */
		8D11072C0486CEB800E47090 /* Sources */ = {
			isa = PBXSourcesBuildPhase;
			buildActionMask = 2147483647;
			files = (
				8D11072D0486CEB800E47090 /* main.m in Sources */,
				6963A9750FB707E600B2287A /* CNAppController.m in Sources */,
				6963ADAC0FB7475500B2287A /* BBAppController.m in Sources */,
				6963ADAD0FB7475500B2287A /* BBOSCAddress.m in Sources */,
				6963ADAE0FB7475500B2287A /* BBOSCArgument.m in Sources */,
				6963ADAF0FB7475500B2287A /* BBOSCBundle.m in Sources */,
				6963ADB60FB7476A00B2287A /* BBOSCDataUtilities.m in Sources */,
				6963ADB70FB7476A00B2287A /* BBOSCDecoder.m in Sources */,
				6963ADB80FB7476A00B2287A /* BBOSCDispatcher.m in Sources */,
				6963ADC10FB7477F00B2287A /* BBOSCListener.m in Sources */,
				6963ADC20FB7477F00B2287A /* BBOSCMessage.m in Sources */,
				6963ADC30FB7477F00B2287A /* BBOSCPacket.m in Sources */,
				6963ADC40FB7477F00B2287A /* BBOSCSender.m in Sources */,
				6963AE7B0FB75A8500B2287A /* CNEvent.m in Sources */,
				6963AE7C0FB75A8500B2287A /* CNEventDispatcher.m in Sources */,
				6963AE7D0FB75A8500B2287A /* CNPathElement.m in Sources */,
				6963AE7E0FB75A8500B2287A /* CNStroke.m in Sources */,
				6963AE7F0FB75A8500B2287A /* CNTouch.m in Sources */,
				6963AE860FB75AA800B2287A /* CNOscMessageDispatcher.m in Sources */,
				6963AE870FB75AA800B2287A /* CNTuioCursor.m in Sources */,
				6963AE880FB75AA800B2287A /* CNTuioDispatcher.m in Sources */,
				6963AEA10FB75AD300B2287A /* CNCircleLayer.m in Sources */,
				6963AEA20FB75AD300B2287A /* CNCursorLayer.m in Sources */,
				6963AEA30FB75AD300B2287A /* CNDebug.m in Sources */,
				6963AEA40FB75AD300B2287A /* CNDebugLayer.m in Sources */,
				6963AEA50FB75AD300B2287A /* CNDebugView.m in Sources */,
				6963AEA60FB75AD300B2287A /* CNLayer.m in Sources */,
				6963AEA70FB75AD300B2287A /* CNLayerModifier.m in Sources */,
				6963AEA80FB75AD300B2287A /* CNLightLayer.m in Sources */,
				6963AEA90FB75AD300B2287A /* CNSetupWinController.m in Sources */,
				6963AEAA0FB75AD300B2287A /* CNStatusbarLayer.m in Sources */,
				6963AEAB0FB75AD300B2287A /* CNUntouchableLayer.m in Sources */,
				6963AEAC0FB75AD300B2287A /* CNView.m in Sources */,
				6963AEC30FB75B0400B2287A /* CN1FingerRotate.m in Sources */,
				6963AEC40FB75B0400B2287A /* CN2FingerRotate.m in Sources */,
				6963AEC50FB75B0400B2287A /* CN2FingerScale.m in Sources */,
				6963AEC60FB75B0400B2287A /* CNGesture.m in Sources */,
				6963AEC70FB75B0400B2287A /* CNGestureFactory.m in Sources */,
				6963AEC80FB75B0400B2287A /* CNHold.m in Sources */,
				6963AEC90FB75B0400B2287A /* CNMove.m in Sources */,
				6963AECA0FB75B0400B2287A /* CNPress.m in Sources */,
				6963AECB0FB75B0400B2287A /* CNRelease.m in Sources */,
				6963AECC0FB75B0400B2287A /* CNTap.m in Sources */,
				6963AECD0FB75B0400B2287A /* CNUpdate.m in Sources */,
				6963AED20FB75B1E00B2287A /* CN2dVect.m in Sources */,
			);
			runOnlyForDeploymentPostprocessing = 0;
		};
/* End PBXSourcesBuildPhase section */

/* Begin PBXVariantGroup section */
		089C165CFE840E0CC02AAC07 /* InfoPlist.strings */ = {
			isa = PBXVariantGroup;
			children = (
				089C165DFE840E0CC02AAC07 /* English */,
			);
			name = InfoPlist.strings;
			sourceTree = "<group>";
		};
		1DDD58140DA1D0A300B32029 /* MainMenu.xib */ = {
			isa = PBXVariantGroup;
			children = (
				1DDD58150DA1D0A300B32029 /* English */,
			);
			name = MainMenu.xib;
			sourceTree = "<group>";
		};
/* End PBXVariantGroup section */

/* Begin XCBuildConfiguration section */
		C01FCF4B08A954540054247B /* Debug */ = {
			isa = XCBuildConfiguration;
			buildSettings = {
				ALWAYS_SEARCH_USER_PATHS = NO;
				COPY_PHASE_STRIP = NO;
				FRAMEWORK_SEARCH_PATHS = (
					"$(inherited)",
					"\"$(SRCROOT)/../../../Library\"",
					"\"$(SRCROOT)\"",
					"\"$(SRCROOT)/../../Library/Frameworks\"",
				);
				GCC_DYNAMIC_NO_PIC = NO;
				GCC_ENABLE_FIX_AND_CONTINUE = YES;
				GCC_MODEL_TUNING = G5;
				GCC_OPTIMIZATION_LEVEL = 0;
				GCC_PRECOMPILE_PREFIX_HEADER = YES;
				GCC_PREFIX_HEADER = CocoNuit_Prefix.pch;
				INFOPLIST_FILE = Info.plist;
				INSTALL_PATH = "$(HOME)/Applications";
				PRODUCT_NAME = CocoNuit;
			};
			name = Debug;
		};
		C01FCF4C08A954540054247B /* Release */ = {
			isa = XCBuildConfiguration;
			buildSettings = {
				ALWAYS_SEARCH_USER_PATHS = NO;
				DEBUG_INFORMATION_FORMAT = "dwarf-with-dsym";
				FRAMEWORK_SEARCH_PATHS = (
					"$(inherited)",
					"\"$(SRCROOT)/../../../Library\"",
					"\"$(SRCROOT)\"",
					"\"$(SRCROOT)/../../Library/Frameworks\"",
				);
				GCC_MODEL_TUNING = G5;
				GCC_PRECOMPILE_PREFIX_HEADER = YES;
				GCC_PREFIX_HEADER = CocoNuit_Prefix.pch;
				INFOPLIST_FILE = Info.plist;
				INSTALL_PATH = "$(HOME)/Applications";
				PRODUCT_NAME = CocoNuit;
			};
			name = Release;
		};
		C01FCF4F08A954540054247B /* Debug */ = {
			isa = XCBuildConfiguration;
			buildSettings = {
				ARCHS = "$(ARCHS_STANDARD_32_BIT)";
				GCC_C_LANGUAGE_STANDARD = c99;
				GCC_OPTIMIZATION_LEVEL = 0;
				GCC_WARN_ABOUT_RETURN_TYPE = YES;
				GCC_WARN_UNUSED_VARIABLE = YES;
				ONLY_ACTIVE_ARCH = YES;
				PREBINDING = NO;
				SDKROOT = macosx10.5;
			};
			name = Debug;
		};
		C01FCF5008A954540054247B /* Release */ = {
			isa = XCBuildConfiguration;
			buildSettings = {
				ARCHS = "$(ARCHS_STANDARD_32_BIT)";
				GCC_C_LANGUAGE_STANDARD = c99;
				GCC_WARN_ABOUT_RETURN_TYPE = YES;
				GCC_WARN_UNUSED_VARIABLE = YES;
				PREBINDING = NO;
				SDKROOT = macosx10.5;
			};
			name = Release;
		};
/* End XCBuildConfiguration section */

/* Begin XCConfigurationList section */
		C01FCF4A08A954540054247B /* Build configuration list for PBXNativeTarget "CocoNuit" */ = {
			isa = XCConfigurationList;
			buildConfigurations = (
				C01FCF4B08A954540054247B /* Debug */,
				C01FCF4C08A954540054247B /* Release */,
			);
			defaultConfigurationIsVisible = 0;
			defaultConfigurationName = Release;
		};
		C01FCF4E08A954540054247B /* Build configuration list for PBXProject "CocoNuit" */ = {
			isa = XCConfigurationList;
			buildConfigurations = (
				C01FCF4F08A954540054247B /* Debug */,
				C01FCF5008A954540054247B /* Release */,
			);
			defaultConfigurationIsVisible = 0;
			defaultConfigurationName = Release;
		};
/* End XCConfigurationList section */
	};
	rootObject = 29B97313FDCFA39411CA2CEA /* Project object */;
}
